// !$*UTF8*$!
{
	archiveVersion = 1;
	classes = {
	};
	objectVersion = 56;
	objects = {

/* Begin PBXBuildFile section */
		A40D04822A156B00004F42ED /* CoordinatorFactoryImplementation.swift in Sources */ = {isa = PBXBuildFile; fileRef = A40D04802A156AFF004F42ED /* CoordinatorFactoryImplementation.swift */; };
		A40D04832A156B00004F42ED /* CoordinatorsAssembly.swift in Sources */ = {isa = PBXBuildFile; fileRef = A40D04812A156AFF004F42ED /* CoordinatorsAssembly.swift */; };
		A40D04852A156B10004F42ED /* CoordinatorsFactoryAssembly.swift in Sources */ = {isa = PBXBuildFile; fileRef = A40D04842A156B10004F42ED /* CoordinatorsFactoryAssembly.swift */; };
		A40D04892A156B28004F42ED /* DomainAssembly.swift in Sources */ = {isa = PBXBuildFile; fileRef = A40D04862A156B28004F42ED /* DomainAssembly.swift */; };
		A40D048A2A156B28004F42ED /* FireStorageAssembly.swift in Sources */ = {isa = PBXBuildFile; fileRef = A40D04872A156B28004F42ED /* FireStorageAssembly.swift */; };
		A40D048B2A156B28004F42ED /* AppDataAssembly.swift in Sources */ = {isa = PBXBuildFile; fileRef = A40D04882A156B28004F42ED /* AppDataAssembly.swift */; };
		A40D048D2A156B35004F42ED /* LoginAssembly.swift in Sources */ = {isa = PBXBuildFile; fileRef = A40D048C2A156B35004F42ED /* LoginAssembly.swift */; };
		A40D048F2A156B4C004F42ED /* DependencyInjector.swift in Sources */ = {isa = PBXBuildFile; fileRef = A40D048E2A156B4C004F42ED /* DependencyInjector.swift */; };
		A40D04932A156BBE004F42ED /* ResolverExtensions.swift in Sources */ = {isa = PBXBuildFile; fileRef = A40D04922A156BBD004F42ED /* ResolverExtensions.swift */; };
		A40D04952A156BDB004F42ED /* DependencyFactory.swift in Sources */ = {isa = PBXBuildFile; fileRef = A40D04942A156BDB004F42ED /* DependencyFactory.swift */; };
		A41DA2A12A15635300E3AB98 /* DI.docc in Sources */ = {isa = PBXBuildFile; fileRef = A41DA2A02A15635300E3AB98 /* DI.docc */; };
		A41DA2A72A15635300E3AB98 /* DI.framework in Frameworks */ = {isa = PBXBuildFile; fileRef = A41DA29C2A15635300E3AB98 /* DI.framework */; };
		A41DA2AC2A15635300E3AB98 /* DITests.swift in Sources */ = {isa = PBXBuildFile; fileRef = A41DA2AB2A15635300E3AB98 /* DITests.swift */; };
		A41DA2AD2A15635300E3AB98 /* DI.h in Headers */ = {isa = PBXBuildFile; fileRef = A41DA29F2A15635300E3AB98 /* DI.h */; settings = {ATTRIBUTES = (Public, ); }; };
		A474A3152A1689DD008F6540 /* Swinject in Frameworks */ = {isa = PBXBuildFile; productRef = A474A3142A1689DD008F6540 /* Swinject */; };
		A474A31B2A168A50008F6540 /* Common.framework in Frameworks */ = {isa = PBXBuildFile; fileRef = A474A3172A168A50008F6540 /* Common.framework */; };
		A474A31C2A168A50008F6540 /* Common.framework in Embed Frameworks */ = {isa = PBXBuildFile; fileRef = A474A3172A168A50008F6540 /* Common.framework */; settings = {ATTRIBUTES = (CodeSignOnCopy, RemoveHeadersOnCopy, ); }; };
		A474A31D2A168A50008F6540 /* Domain.framework in Frameworks */ = {isa = PBXBuildFile; fileRef = A474A3182A168A50008F6540 /* Domain.framework */; };
		A474A31E2A168A50008F6540 /* Domain.framework in Embed Frameworks */ = {isa = PBXBuildFile; fileRef = A474A3182A168A50008F6540 /* Domain.framework */; settings = {ATTRIBUTES = (CodeSignOnCopy, RemoveHeadersOnCopy, ); }; };
		A474A31F2A168A50008F6540 /* Features.framework in Frameworks */ = {isa = PBXBuildFile; fileRef = A474A3192A168A50008F6540 /* Features.framework */; };
		A474A3202A168A50008F6540 /* Features.framework in Embed Frameworks */ = {isa = PBXBuildFile; fileRef = A474A3192A168A50008F6540 /* Features.framework */; settings = {ATTRIBUTES = (CodeSignOnCopy, RemoveHeadersOnCopy, ); }; };
		A474A3212A168A50008F6540 /* FireStorage.framework in Frameworks */ = {isa = PBXBuildFile; fileRef = A474A31A2A168A50008F6540 /* FireStorage.framework */; };
		A474A3222A168A50008F6540 /* FireStorage.framework in Embed Frameworks */ = {isa = PBXBuildFile; fileRef = A474A31A2A168A50008F6540 /* FireStorage.framework */; settings = {ATTRIBUTES = (CodeSignOnCopy, RemoveHeadersOnCopy, ); }; };
		A474A3252A168A77008F6540 /* AppData.framework in Frameworks */ = {isa = PBXBuildFile; fileRef = A474A3242A168A77008F6540 /* AppData.framework */; };
		A474A3262A168A77008F6540 /* AppData.framework in Embed Frameworks */ = {isa = PBXBuildFile; fileRef = A474A3242A168A77008F6540 /* AppData.framework */; settings = {ATTRIBUTES = (CodeSignOnCopy, RemoveHeadersOnCopy, ); }; };
		A474A3282A168A7B008F6540 /* Networking.framework in Frameworks */ = {isa = PBXBuildFile; fileRef = A474A3272A168A7B008F6540 /* Networking.framework */; };
		A474A3292A168A7B008F6540 /* Networking.framework in Embed Frameworks */ = {isa = PBXBuildFile; fileRef = A474A3272A168A7B008F6540 /* Networking.framework */; settings = {ATTRIBUTES = (CodeSignOnCopy, RemoveHeadersOnCopy, ); }; };
		A474A32B2A168A86008F6540 /* AppNavigation.framework in Frameworks */ = {isa = PBXBuildFile; fileRef = A474A32A2A168A86008F6540 /* AppNavigation.framework */; };
		A474A32C2A168A86008F6540 /* AppNavigation.framework in Embed Frameworks */ = {isa = PBXBuildFile; fileRef = A474A32A2A168A86008F6540 /* AppNavigation.framework */; settings = {ATTRIBUTES = (CodeSignOnCopy, RemoveHeadersOnCopy, ); }; };
/* End PBXBuildFile section */

/* Begin PBXContainerItemProxy section */
		A41DA2A82A15635300E3AB98 /* PBXContainerItemProxy */ = {
			isa = PBXContainerItemProxy;
			containerPortal = A41DA2932A15635300E3AB98 /* Project object */;
			proxyType = 1;
			remoteGlobalIDString = A41DA29B2A15635300E3AB98;
			remoteInfo = DI;
		};
/* End PBXContainerItemProxy section */

/* Begin PBXCopyFilesBuildPhase section */
		A474A3232A168A50008F6540 /* Embed Frameworks */ = {
			isa = PBXCopyFilesBuildPhase;
			buildActionMask = 2147483647;
			dstPath = "";
			dstSubfolderSpec = 10;
			files = (
				A474A3222A168A50008F6540 /* FireStorage.framework in Embed Frameworks */,
				A474A3262A168A77008F6540 /* AppData.framework in Embed Frameworks */,
				A474A3292A168A7B008F6540 /* Networking.framework in Embed Frameworks */,
				A474A31E2A168A50008F6540 /* Domain.framework in Embed Frameworks */,
				A474A31C2A168A50008F6540 /* Common.framework in Embed Frameworks */,
				A474A3202A168A50008F6540 /* Features.framework in Embed Frameworks */,
				A474A32C2A168A86008F6540 /* AppNavigation.framework in Embed Frameworks */,
			);
			name = "Embed Frameworks";
			runOnlyForDeploymentPostprocessing = 0;
		};
/* End PBXCopyFilesBuildPhase section */

/* Begin PBXFileReference section */
		A40D04802A156AFF004F42ED /* CoordinatorFactoryImplementation.swift */ = {isa = PBXFileReference; fileEncoding = 4; lastKnownFileType = sourcecode.swift; path = CoordinatorFactoryImplementation.swift; sourceTree = "<group>"; };
		A40D04812A156AFF004F42ED /* CoordinatorsAssembly.swift */ = {isa = PBXFileReference; fileEncoding = 4; lastKnownFileType = sourcecode.swift; path = CoordinatorsAssembly.swift; sourceTree = "<group>"; };
		A40D04842A156B10004F42ED /* CoordinatorsFactoryAssembly.swift */ = {isa = PBXFileReference; fileEncoding = 4; lastKnownFileType = sourcecode.swift; path = CoordinatorsFactoryAssembly.swift; sourceTree = "<group>"; };
		A40D04862A156B28004F42ED /* DomainAssembly.swift */ = {isa = PBXFileReference; fileEncoding = 4; lastKnownFileType = sourcecode.swift; path = DomainAssembly.swift; sourceTree = "<group>"; };
		A40D04872A156B28004F42ED /* FireStorageAssembly.swift */ = {isa = PBXFileReference; fileEncoding = 4; lastKnownFileType = sourcecode.swift; path = FireStorageAssembly.swift; sourceTree = "<group>"; };
		A40D04882A156B28004F42ED /* AppDataAssembly.swift */ = {isa = PBXFileReference; fileEncoding = 4; lastKnownFileType = sourcecode.swift; path = AppDataAssembly.swift; sourceTree = "<group>"; };
		A40D048C2A156B35004F42ED /* LoginAssembly.swift */ = {isa = PBXFileReference; fileEncoding = 4; lastKnownFileType = sourcecode.swift; path = LoginAssembly.swift; sourceTree = "<group>"; };
		A40D048E2A156B4C004F42ED /* DependencyInjector.swift */ = {isa = PBXFileReference; fileEncoding = 4; lastKnownFileType = sourcecode.swift; path = DependencyInjector.swift; sourceTree = "<group>"; };
		A40D04922A156BBD004F42ED /* ResolverExtensions.swift */ = {isa = PBXFileReference; fileEncoding = 4; lastKnownFileType = sourcecode.swift; path = ResolverExtensions.swift; sourceTree = "<group>"; };
		A40D04942A156BDB004F42ED /* DependencyFactory.swift */ = {isa = PBXFileReference; fileEncoding = 4; lastKnownFileType = sourcecode.swift; path = DependencyFactory.swift; sourceTree = "<group>"; };
		A41DA29C2A15635300E3AB98 /* DI.framework */ = {isa = PBXFileReference; explicitFileType = wrapper.framework; includeInIndex = 0; path = DI.framework; sourceTree = BUILT_PRODUCTS_DIR; };
		A41DA29F2A15635300E3AB98 /* DI.h */ = {isa = PBXFileReference; lastKnownFileType = sourcecode.c.h; path = DI.h; sourceTree = "<group>"; };
		A41DA2A02A15635300E3AB98 /* DI.docc */ = {isa = PBXFileReference; lastKnownFileType = folder.documentationcatalog; path = DI.docc; sourceTree = "<group>"; };
		A41DA2A62A15635300E3AB98 /* DITests.xctest */ = {isa = PBXFileReference; explicitFileType = wrapper.cfbundle; includeInIndex = 0; path = DITests.xctest; sourceTree = BUILT_PRODUCTS_DIR; };
		A41DA2AB2A15635300E3AB98 /* DITests.swift */ = {isa = PBXFileReference; lastKnownFileType = sourcecode.swift; path = DITests.swift; sourceTree = "<group>"; };
		A474A3172A168A50008F6540 /* Common.framework */ = {isa = PBXFileReference; explicitFileType = wrapper.framework; path = Common.framework; sourceTree = BUILT_PRODUCTS_DIR; };
		A474A3182A168A50008F6540 /* Domain.framework */ = {isa = PBXFileReference; explicitFileType = wrapper.framework; path = Domain.framework; sourceTree = BUILT_PRODUCTS_DIR; };
		A474A3192A168A50008F6540 /* Features.framework */ = {isa = PBXFileReference; explicitFileType = wrapper.framework; path = Features.framework; sourceTree = BUILT_PRODUCTS_DIR; };
		A474A31A2A168A50008F6540 /* FireStorage.framework */ = {isa = PBXFileReference; explicitFileType = wrapper.framework; path = FireStorage.framework; sourceTree = BUILT_PRODUCTS_DIR; };
		A474A3242A168A77008F6540 /* AppData.framework */ = {isa = PBXFileReference; explicitFileType = wrapper.framework; path = AppData.framework; sourceTree = BUILT_PRODUCTS_DIR; };
		A474A3272A168A7B008F6540 /* Networking.framework */ = {isa = PBXFileReference; explicitFileType = wrapper.framework; path = Networking.framework; sourceTree = BUILT_PRODUCTS_DIR; };
		A474A32A2A168A86008F6540 /* AppNavigation.framework */ = {isa = PBXFileReference; explicitFileType = wrapper.framework; path = AppNavigation.framework; sourceTree = BUILT_PRODUCTS_DIR; };
		A474A32D2A168AB4008F6540 /* Features.framework */ = {isa = PBXFileReference; explicitFileType = wrapper.framework; path = Features.framework; sourceTree = BUILT_PRODUCTS_DIR; };
/* End PBXFileReference section */

/* Begin PBXFrameworksBuildPhase section */
		A41DA2992A15635300E3AB98 /* Frameworks */ = {
			isa = PBXFrameworksBuildPhase;
			buildActionMask = 2147483647;
			files = (
				A474A31D2A168A50008F6540 /* Domain.framework in Frameworks */,
				A474A31F2A168A50008F6540 /* Features.framework in Frameworks */,
				A474A3252A168A77008F6540 /* AppData.framework in Frameworks */,
				A474A3212A168A50008F6540 /* FireStorage.framework in Frameworks */,
				A474A32B2A168A86008F6540 /* AppNavigation.framework in Frameworks */,
				A474A3152A1689DD008F6540 /* Swinject in Frameworks */,
				A474A31B2A168A50008F6540 /* Common.framework in Frameworks */,
				A474A3282A168A7B008F6540 /* Networking.framework in Frameworks */,
			);
			runOnlyForDeploymentPostprocessing = 0;
		};
		A41DA2A32A15635300E3AB98 /* Frameworks */ = {
			isa = PBXFrameworksBuildPhase;
			buildActionMask = 2147483647;
			files = (
				A41DA2A72A15635300E3AB98 /* DI.framework in Frameworks */,
			);
			runOnlyForDeploymentPostprocessing = 0;
		};
/* End PBXFrameworksBuildPhase section */

/* Begin PBXGroup section */
		A40D047A2A156AA5004F42ED /* Sources */ = {
			isa = PBXGroup;
			children = (
				A40D047B2A156AAC004F42ED /* Assembler */,
				A40D047F2A156AE0004F42ED /* Factories */,
				A40D048E2A156B4C004F42ED /* DependencyInjector.swift */,
				A40D04942A156BDB004F42ED /* DependencyFactory.swift */,
				A40D04922A156BBD004F42ED /* ResolverExtensions.swift */,
			);
			path = Sources;
			sourceTree = "<group>";
		};
		A40D047B2A156AAC004F42ED /* Assembler */ = {
			isa = PBXGroup;
			children = (
				A40D047E2A156AD1004F42ED /* CoordinatorAssembly */,
				A40D047D2A156AC8004F42ED /* CoreAssembly */,
				A40D047C2A156AB9004F42ED /* FeaturesAssembly */,
			);
			path = Assembler;
			sourceTree = "<group>";
		};
		A40D047C2A156AB9004F42ED /* FeaturesAssembly */ = {
			isa = PBXGroup;
			children = (
				A40D048C2A156B35004F42ED /* LoginAssembly.swift */,
			);
			path = FeaturesAssembly;
			sourceTree = "<group>";
		};
		A40D047D2A156AC8004F42ED /* CoreAssembly */ = {
			isa = PBXGroup;
			children = (
				A40D04882A156B28004F42ED /* AppDataAssembly.swift */,
				A40D04862A156B28004F42ED /* DomainAssembly.swift */,
				A40D04872A156B28004F42ED /* FireStorageAssembly.swift */,
			);
			path = CoreAssembly;
			sourceTree = "<group>";
		};
		A40D047E2A156AD1004F42ED /* CoordinatorAssembly */ = {
			isa = PBXGroup;
			children = (
				A40D04812A156AFF004F42ED /* CoordinatorsAssembly.swift */,
				A40D04842A156B10004F42ED /* CoordinatorsFactoryAssembly.swift */,
			);
			path = CoordinatorAssembly;
			sourceTree = "<group>";
		};
		A40D047F2A156AE0004F42ED /* Factories */ = {
			isa = PBXGroup;
			children = (
				A40D04802A156AFF004F42ED /* CoordinatorFactoryImplementation.swift */,
			);
			path = Factories;
			sourceTree = "<group>";
		};
		A41DA2922A15635300E3AB98 = {
			isa = PBXGroup;
			children = (
				A41DA29E2A15635300E3AB98 /* DI */,
				A41DA2AA2A15635300E3AB98 /* DITests */,
				A41DA29D2A15635300E3AB98 /* Products */,
				A474A3162A168A50008F6540 /* Frameworks */,
			);
			sourceTree = "<group>";
		};
		A41DA29D2A15635300E3AB98 /* Products */ = {
			isa = PBXGroup;
			children = (
				A41DA29C2A15635300E3AB98 /* DI.framework */,
				A41DA2A62A15635300E3AB98 /* DITests.xctest */,
			);
			name = Products;
			sourceTree = "<group>";
		};
		A41DA29E2A15635300E3AB98 /* DI */ = {
			isa = PBXGroup;
			children = (
				A40D047A2A156AA5004F42ED /* Sources */,
				A41DA29F2A15635300E3AB98 /* DI.h */,
				A41DA2A02A15635300E3AB98 /* DI.docc */,
			);
			path = DI;
			sourceTree = "<group>";
		};
		A41DA2AA2A15635300E3AB98 /* DITests */ = {
			isa = PBXGroup;
			children = (
				A41DA2AB2A15635300E3AB98 /* DITests.swift */,
			);
			path = DITests;
			sourceTree = "<group>";
		};
		A474A3162A168A50008F6540 /* Frameworks */ = {
			isa = PBXGroup;
			children = (
				A474A32D2A168AB4008F6540 /* Features.framework */,
				A474A32A2A168A86008F6540 /* AppNavigation.framework */,
				A474A3272A168A7B008F6540 /* Networking.framework */,
				A474A3242A168A77008F6540 /* AppData.framework */,
				A474A3172A168A50008F6540 /* Common.framework */,
				A474A3182A168A50008F6540 /* Domain.framework */,
				A474A3192A168A50008F6540 /* Features.framework */,
				A474A31A2A168A50008F6540 /* FireStorage.framework */,
			);
			name = Frameworks;
			sourceTree = "<group>";
		};
/* End PBXGroup section */

/* Begin PBXHeadersBuildPhase section */
		A41DA2972A15635300E3AB98 /* Headers */ = {
			isa = PBXHeadersBuildPhase;
			buildActionMask = 2147483647;
			files = (
				A41DA2AD2A15635300E3AB98 /* DI.h in Headers */,
			);
			runOnlyForDeploymentPostprocessing = 0;
		};
/* End PBXHeadersBuildPhase section */

/* Begin PBXNativeTarget section */
		A41DA29B2A15635300E3AB98 /* DI */ = {
			isa = PBXNativeTarget;
			buildConfigurationList = A41DA2B02A15635300E3AB98 /* Build configuration list for PBXNativeTarget "DI" */;
			buildPhases = (
				A41DA2972A15635300E3AB98 /* Headers */,
				A41DA2982A15635300E3AB98 /* Sources */,
				A41DA2992A15635300E3AB98 /* Frameworks */,
				A41DA29A2A15635300E3AB98 /* Resources */,
				A474A3232A168A50008F6540 /* Embed Frameworks */,
			);
			buildRules = (
			);
			dependencies = (
			);
			name = DI;
			packageProductDependencies = (
				A474A3142A1689DD008F6540 /* Swinject */,
			);
			productName = DI;
			productReference = A41DA29C2A15635300E3AB98 /* DI.framework */;
			productType = "com.apple.product-type.framework";
		};
		A41DA2A52A15635300E3AB98 /* DITests */ = {
			isa = PBXNativeTarget;
			buildConfigurationList = A41DA2B32A15635300E3AB98 /* Build configuration list for PBXNativeTarget "DITests" */;
			buildPhases = (
				A41DA2A22A15635300E3AB98 /* Sources */,
				A41DA2A32A15635300E3AB98 /* Frameworks */,
				A41DA2A42A15635300E3AB98 /* Resources */,
			);
			buildRules = (
			);
			dependencies = (
				A41DA2A92A15635300E3AB98 /* PBXTargetDependency */,
			);
			name = DITests;
			productName = DITests;
			productReference = A41DA2A62A15635300E3AB98 /* DITests.xctest */;
			productType = "com.apple.product-type.bundle.unit-test";
		};
/* End PBXNativeTarget section */

/* Begin PBXProject section */
		A41DA2932A15635300E3AB98 /* Project object */ = {
			isa = PBXProject;
			attributes = {
				BuildIndependentTargetsInParallel = 1;
				LastSwiftUpdateCheck = 1410;
				LastUpgradeCheck = 1410;
				TargetAttributes = {
					A41DA29B2A15635300E3AB98 = {
						CreatedOnToolsVersion = 14.1;
					};
					A41DA2A52A15635300E3AB98 = {
						CreatedOnToolsVersion = 14.1;
					};
				};
			};
			buildConfigurationList = A41DA2962A15635300E3AB98 /* Build configuration list for PBXProject "DI" */;
			compatibilityVersion = "Xcode 14.0";
			developmentRegion = en;
			hasScannedForEncodings = 0;
			knownRegions = (
				en,
				Base,
			);
			mainGroup = A41DA2922A15635300E3AB98;
			packageReferences = (
				A474A3132A1689DD008F6540 /* XCRemoteSwiftPackageReference "Swinject" */,
			);
			productRefGroup = A41DA29D2A15635300E3AB98 /* Products */;
			projectDirPath = "";
			projectRoot = "";
			targets = (
				A41DA29B2A15635300E3AB98 /* DI */,
				A41DA2A52A15635300E3AB98 /* DITests */,
			);
		};
/* End PBXProject section */

/* Begin PBXResourcesBuildPhase section */
		A41DA29A2A15635300E3AB98 /* Resources */ = {
			isa = PBXResourcesBuildPhase;
			buildActionMask = 2147483647;
			files = (
			);
			runOnlyForDeploymentPostprocessing = 0;
		};
		A41DA2A42A15635300E3AB98 /* Resources */ = {
			isa = PBXResourcesBuildPhase;
			buildActionMask = 2147483647;
			files = (
			);
			runOnlyForDeploymentPostprocessing = 0;
		};
/* End PBXResourcesBuildPhase section */

/* Begin PBXSourcesBuildPhase section */
		A41DA2982A15635300E3AB98 /* Sources */ = {
			isa = PBXSourcesBuildPhase;
			buildActionMask = 2147483647;
			files = (
				A40D04952A156BDB004F42ED /* DependencyFactory.swift in Sources */,
				A40D048B2A156B28004F42ED /* AppDataAssembly.swift in Sources */,
				A40D048F2A156B4C004F42ED /* DependencyInjector.swift in Sources */,
				A40D04832A156B00004F42ED /* CoordinatorsAssembly.swift in Sources */,
				A40D048A2A156B28004F42ED /* FireStorageAssembly.swift in Sources */,
				A40D04852A156B10004F42ED /* CoordinatorsFactoryAssembly.swift in Sources */,
				A40D04932A156BBE004F42ED /* ResolverExtensions.swift in Sources */,
				A41DA2A12A15635300E3AB98 /* DI.docc in Sources */,
				A40D04822A156B00004F42ED /* CoordinatorFactoryImplementation.swift in Sources */,
				A40D04892A156B28004F42ED /* DomainAssembly.swift in Sources */,
				A40D048D2A156B35004F42ED /* LoginAssembly.swift in Sources */,
			);
			runOnlyForDeploymentPostprocessing = 0;
		};
		A41DA2A22A15635300E3AB98 /* Sources */ = {
			isa = PBXSourcesBuildPhase;
			buildActionMask = 2147483647;
			files = (
				A41DA2AC2A15635300E3AB98 /* DITests.swift in Sources */,
			);
			runOnlyForDeploymentPostprocessing = 0;
		};
/* End PBXSourcesBuildPhase section */

/* Begin PBXTargetDependency section */
		A41DA2A92A15635300E3AB98 /* PBXTargetDependency */ = {
			isa = PBXTargetDependency;
			target = A41DA29B2A15635300E3AB98 /* DI */;
			targetProxy = A41DA2A82A15635300E3AB98 /* PBXContainerItemProxy */;
		};
/* End PBXTargetDependency section */

/* Begin XCBuildConfiguration section */
		A41DA2AE2A15635300E3AB98 /* Debug */ = {
			isa = XCBuildConfiguration;
			buildSettings = {
				ALWAYS_SEARCH_USER_PATHS = NO;
				CLANG_ANALYZER_NONNULL = YES;
				CLANG_ANALYZER_NUMBER_OBJECT_CONVERSION = YES_AGGRESSIVE;
				CLANG_CXX_LANGUAGE_STANDARD = "gnu++20";
				CLANG_ENABLE_MODULES = YES;
				CLANG_ENABLE_OBJC_ARC = YES;
				CLANG_ENABLE_OBJC_WEAK = YES;
				CLANG_WARN_BLOCK_CAPTURE_AUTORELEASING = YES;
				CLANG_WARN_BOOL_CONVERSION = YES;
				CLANG_WARN_COMMA = YES;
				CLANG_WARN_CONSTANT_CONVERSION = YES;
				CLANG_WARN_DEPRECATED_OBJC_IMPLEMENTATIONS = YES;
				CLANG_WARN_DIRECT_OBJC_ISA_USAGE = YES_ERROR;
				CLANG_WARN_DOCUMENTATION_COMMENTS = YES;
				CLANG_WARN_EMPTY_BODY = YES;
				CLANG_WARN_ENUM_CONVERSION = YES;
				CLANG_WARN_INFINITE_RECURSION = YES;
				CLANG_WARN_INT_CONVERSION = YES;
				CLANG_WARN_NON_LITERAL_NULL_CONVERSION = YES;
				CLANG_WARN_OBJC_IMPLICIT_RETAIN_SELF = YES;
				CLANG_WARN_OBJC_LITERAL_CONVERSION = YES;
				CLANG_WARN_OBJC_ROOT_CLASS = YES_ERROR;
				CLANG_WARN_QUOTED_INCLUDE_IN_FRAMEWORK_HEADER = YES;
				CLANG_WARN_RANGE_LOOP_ANALYSIS = YES;
				CLANG_WARN_STRICT_PROTOTYPES = YES;
				CLANG_WARN_SUSPICIOUS_MOVE = YES;
				CLANG_WARN_UNGUARDED_AVAILABILITY = YES_AGGRESSIVE;
				CLANG_WARN_UNREACHABLE_CODE = YES;
				CLANG_WARN__DUPLICATE_METHOD_MATCH = YES;
				COPY_PHASE_STRIP = NO;
				CURRENT_PROJECT_VERSION = 1;
				DEBUG_INFORMATION_FORMAT = dwarf;
				ENABLE_STRICT_OBJC_MSGSEND = YES;
				ENABLE_TESTABILITY = YES;
				GCC_C_LANGUAGE_STANDARD = gnu11;
				GCC_DYNAMIC_NO_PIC = NO;
				GCC_NO_COMMON_BLOCKS = YES;
				GCC_OPTIMIZATION_LEVEL = 0;
				GCC_PREPROCESSOR_DEFINITIONS = (
					"DEBUG=1",
					"$(inherited)",
				);
				GCC_WARN_64_TO_32_BIT_CONVERSION = YES;
				GCC_WARN_ABOUT_RETURN_TYPE = YES_ERROR;
				GCC_WARN_UNDECLARED_SELECTOR = YES;
				GCC_WARN_UNINITIALIZED_AUTOS = YES_AGGRESSIVE;
				GCC_WARN_UNUSED_FUNCTION = YES;
				GCC_WARN_UNUSED_VARIABLE = YES;
				IPHONEOS_DEPLOYMENT_TARGET = 16.1;
				MTL_ENABLE_DEBUG_INFO = INCLUDE_SOURCE;
				MTL_FAST_MATH = YES;
				ONLY_ACTIVE_ARCH = YES;
				SDKROOT = iphoneos;
				SWIFT_ACTIVE_COMPILATION_CONDITIONS = DEBUG;
				SWIFT_OPTIMIZATION_LEVEL = "-Onone";
				VERSIONING_SYSTEM = "apple-generic";
				VERSION_INFO_PREFIX = "";
			};
			name = Debug;
		};
		A41DA2AF2A15635300E3AB98 /* Release */ = {
			isa = XCBuildConfiguration;
			buildSettings = {
				ALWAYS_SEARCH_USER_PATHS = NO;
				CLANG_ANALYZER_NONNULL = YES;
				CLANG_ANALYZER_NUMBER_OBJECT_CONVERSION = YES_AGGRESSIVE;
				CLANG_CXX_LANGUAGE_STANDARD = "gnu++20";
				CLANG_ENABLE_MODULES = YES;
				CLANG_ENABLE_OBJC_ARC = YES;
				CLANG_ENABLE_OBJC_WEAK = YES;
				CLANG_WARN_BLOCK_CAPTURE_AUTORELEASING = YES;
				CLANG_WARN_BOOL_CONVERSION = YES;
				CLANG_WARN_COMMA = YES;
				CLANG_WARN_CONSTANT_CONVERSION = YES;
				CLANG_WARN_DEPRECATED_OBJC_IMPLEMENTATIONS = YES;
				CLANG_WARN_DIRECT_OBJC_ISA_USAGE = YES_ERROR;
				CLANG_WARN_DOCUMENTATION_COMMENTS = YES;
				CLANG_WARN_EMPTY_BODY = YES;
				CLANG_WARN_ENUM_CONVERSION = YES;
				CLANG_WARN_INFINITE_RECURSION = YES;
				CLANG_WARN_INT_CONVERSION = YES;
				CLANG_WARN_NON_LITERAL_NULL_CONVERSION = YES;
				CLANG_WARN_OBJC_IMPLICIT_RETAIN_SELF = YES;
				CLANG_WARN_OBJC_LITERAL_CONVERSION = YES;
				CLANG_WARN_OBJC_ROOT_CLASS = YES_ERROR;
				CLANG_WARN_QUOTED_INCLUDE_IN_FRAMEWORK_HEADER = YES;
				CLANG_WARN_RANGE_LOOP_ANALYSIS = YES;
				CLANG_WARN_STRICT_PROTOTYPES = YES;
				CLANG_WARN_SUSPICIOUS_MOVE = YES;
				CLANG_WARN_UNGUARDED_AVAILABILITY = YES_AGGRESSIVE;
				CLANG_WARN_UNREACHABLE_CODE = YES;
				CLANG_WARN__DUPLICATE_METHOD_MATCH = YES;
				COPY_PHASE_STRIP = NO;
				CURRENT_PROJECT_VERSION = 1;
				DEBUG_INFORMATION_FORMAT = "dwarf-with-dsym";
				ENABLE_NS_ASSERTIONS = NO;
				ENABLE_STRICT_OBJC_MSGSEND = YES;
				GCC_C_LANGUAGE_STANDARD = gnu11;
				GCC_NO_COMMON_BLOCKS = YES;
				GCC_WARN_64_TO_32_BIT_CONVERSION = YES;
				GCC_WARN_ABOUT_RETURN_TYPE = YES_ERROR;
				GCC_WARN_UNDECLARED_SELECTOR = YES;
				GCC_WARN_UNINITIALIZED_AUTOS = YES_AGGRESSIVE;
				GCC_WARN_UNUSED_FUNCTION = YES;
				GCC_WARN_UNUSED_VARIABLE = YES;
				IPHONEOS_DEPLOYMENT_TARGET = 16.1;
				MTL_ENABLE_DEBUG_INFO = NO;
				MTL_FAST_MATH = YES;
				SDKROOT = iphoneos;
				SWIFT_COMPILATION_MODE = wholemodule;
				SWIFT_OPTIMIZATION_LEVEL = "-O";
				VALIDATE_PRODUCT = YES;
				VERSIONING_SYSTEM = "apple-generic";
				VERSION_INFO_PREFIX = "";
			};
			name = Release;
		};
		A41DA2B12A15635300E3AB98 /* Debug */ = {
			isa = XCBuildConfiguration;
			buildSettings = {
				CODE_SIGN_STYLE = Automatic;
				CURRENT_PROJECT_VERSION = 1;
				DEFINES_MODULE = YES;
				DYLIB_COMPATIBILITY_VERSION = 1;
				DYLIB_CURRENT_VERSION = 1;
				DYLIB_INSTALL_NAME_BASE = "@rpath";
				GENERATE_INFOPLIST_FILE = YES;
				INFOPLIST_KEY_NSHumanReadableCopyright = "";
				INSTALL_PATH = "$(LOCAL_LIBRARY_DIR)/Frameworks";
				LD_RUNPATH_SEARCH_PATHS = (
					"$(inherited)",
					"@executable_path/Frameworks",
					"@loader_path/Frameworks",
				);
				MARKETING_VERSION = 1.0;
				PRODUCT_BUNDLE_IDENTIFIER = jessica.com.DI;
				PRODUCT_NAME = "$(TARGET_NAME:c99extidentifier)";
				SKIP_INSTALL = YES;
				SWIFT_EMIT_LOC_STRINGS = YES;
				SWIFT_VERSION = 5.0;
				TARGETED_DEVICE_FAMILY = "1,2";
			};
			name = Debug;
		};
		A41DA2B22A15635300E3AB98 /* Release */ = {
			isa = XCBuildConfiguration;
			buildSettings = {
				CODE_SIGN_STYLE = Automatic;
				CURRENT_PROJECT_VERSION = 1;
				DEFINES_MODULE = YES;
				DYLIB_COMPATIBILITY_VERSION = 1;
				DYLIB_CURRENT_VERSION = 1;
				DYLIB_INSTALL_NAME_BASE = "@rpath";
				GENERATE_INFOPLIST_FILE = YES;
				INFOPLIST_KEY_NSHumanReadableCopyright = "";
				INSTALL_PATH = "$(LOCAL_LIBRARY_DIR)/Frameworks";
				LD_RUNPATH_SEARCH_PATHS = (
					"$(inherited)",
					"@executable_path/Frameworks",
					"@loader_path/Frameworks",
				);
				MARKETING_VERSION = 1.0;
				PRODUCT_BUNDLE_IDENTIFIER = jessica.com.DI;
				PRODUCT_NAME = "$(TARGET_NAME:c99extidentifier)";
				SKIP_INSTALL = YES;
				SWIFT_EMIT_LOC_STRINGS = YES;
				SWIFT_VERSION = 5.0;
				TARGETED_DEVICE_FAMILY = "1,2";
			};
			name = Release;
		};
		A41DA2B42A15635300E3AB98 /* Debug */ = {
			isa = XCBuildConfiguration;
			buildSettings = {
				ALWAYS_EMBED_SWIFT_STANDARD_LIBRARIES = YES;
				CODE_SIGN_STYLE = Automatic;
				CURRENT_PROJECT_VERSION = 1;
				GENERATE_INFOPLIST_FILE = YES;
				MARKETING_VERSION = 1.0;
				PRODUCT_BUNDLE_IDENTIFIER = jessica.com.DITests;
				PRODUCT_NAME = "$(TARGET_NAME)";
				SWIFT_EMIT_LOC_STRINGS = NO;
				SWIFT_VERSION = 5.0;
				TARGETED_DEVICE_FAMILY = "1,2";
			};
			name = Debug;
		};
		A41DA2B52A15635300E3AB98 /* Release */ = {
			isa = XCBuildConfiguration;
			buildSettings = {
				ALWAYS_EMBED_SWIFT_STANDARD_LIBRARIES = YES;
				CODE_SIGN_STYLE = Automatic;
				CURRENT_PROJECT_VERSION = 1;
				GENERATE_INFOPLIST_FILE = YES;
				MARKETING_VERSION = 1.0;
				PRODUCT_BUNDLE_IDENTIFIER = jessica.com.DITests;
				PRODUCT_NAME = "$(TARGET_NAME)";
				SWIFT_EMIT_LOC_STRINGS = NO;
				SWIFT_VERSION = 5.0;
				TARGETED_DEVICE_FAMILY = "1,2";
			};
			name = Release;
		};
/* End XCBuildConfiguration section */

/* Begin XCConfigurationList section */
		A41DA2962A15635300E3AB98 /* Build configuration list for PBXProject "DI" */ = {
			isa = XCConfigurationList;
			buildConfigurations = (
				A41DA2AE2A15635300E3AB98 /* Debug */,
				A41DA2AF2A15635300E3AB98 /* Release */,
			);
			defaultConfigurationIsVisible = 0;
			defaultConfigurationName = Release;
		};
		A41DA2B02A15635300E3AB98 /* Build configuration list for PBXNativeTarget "DI" */ = {
			isa = XCConfigurationList;
			buildConfigurations = (
				A41DA2B12A15635300E3AB98 /* Debug */,
				A41DA2B22A15635300E3AB98 /* Release */,
			);
			defaultConfigurationIsVisible = 0;
			defaultConfigurationName = Release;
		};
		A41DA2B32A15635300E3AB98 /* Build configuration list for PBXNativeTarget "DITests" */ = {
			isa = XCConfigurationList;
			buildConfigurations = (
				A41DA2B42A15635300E3AB98 /* Debug */,
				A41DA2B52A15635300E3AB98 /* Release */,
			);
			defaultConfigurationIsVisible = 0;
			defaultConfigurationName = Release;
		};
/* End XCConfigurationList section */

/* Begin XCRemoteSwiftPackageReference section */
		A474A3132A1689DD008F6540 /* XCRemoteSwiftPackageReference "Swinject" */ = {
			isa = XCRemoteSwiftPackageReference;
			repositoryURL = "https://github.com/Swinject/Swinject.git";
			requirement = {
				branch = master;
				kind = branch;
			};
		};
/* End XCRemoteSwiftPackageReference section */

/* Begin XCSwiftPackageProductDependency section */
		A474A3142A1689DD008F6540 /* Swinject */ = {
			isa = XCSwiftPackageProductDependency;
			package = A474A3132A1689DD008F6540 /* XCRemoteSwiftPackageReference "Swinject" */;
			productName = Swinject;
		};
/* End XCSwiftPackageProductDependency section */
	};
	rootObject = A41DA2932A15635300E3AB98 /* Project object */;
}
