// !$*UTF8*$!
{
	archiveVersion = 1;
	classes = {
	};
	objectVersion = 56;
	objects = {

/* Begin PBXBuildFile section */
		A40B4ED22A166A3B009FB68F /* FirebaseAuth in Frameworks */ = {isa = PBXBuildFile; productRef = A40B4ED12A166A3B009FB68F /* FirebaseAuth */; };
		A40B4ED42A166A3B009FB68F /* FirebaseFirestore in Frameworks */ = {isa = PBXBuildFile; productRef = A40B4ED32A166A3B009FB68F /* FirebaseFirestore */; };
		A40B4ED62A166A3B009FB68F /* FirebaseStorage in Frameworks */ = {isa = PBXBuildFile; productRef = A40B4ED52A166A3B009FB68F /* FirebaseStorage */; };
		A40D04D12A156D49004F42ED /* LoginDataSource.swift in Sources */ = {isa = PBXBuildFile; fileRef = A40D04D02A156D49004F42ED /* LoginDataSource.swift */; };
		A40D04D32A156D4E004F42ED /* LoginService.swift in Sources */ = {isa = PBXBuildFile; fileRef = A40D04D22A156D4E004F42ED /* LoginService.swift */; };
		A40D04D52A156D62004F42ED /* CreateAccountService.swift in Sources */ = {isa = PBXBuildFile; fileRef = A40D04D42A156D62004F42ED /* CreateAccountService.swift */; };
		A40D04D72A156D69004F42ED /* CreateAccountDataSource.swift in Sources */ = {isa = PBXBuildFile; fileRef = A40D04D62A156D69004F42ED /* CreateAccountDataSource.swift */; };
		A40D05252A156E87004F42ED /* AppData.framework in Frameworks */ = {isa = PBXBuildFile; fileRef = A40D05242A156E87004F42ED /* AppData.framework */; };
		A40D05262A156E87004F42ED /* AppData.framework in Embed Frameworks */ = {isa = PBXBuildFile; fileRef = A40D05242A156E87004F42ED /* AppData.framework */; settings = {ATTRIBUTES = (CodeSignOnCopy, RemoveHeadersOnCopy, ); }; };
		A40D41B92A1E8E4400E5A216 /* LoginServiceTests.swift in Sources */ = {isa = PBXBuildFile; fileRef = A40D41B82A1E8E4400E5A216 /* LoginServiceTests.swift */; };
		A40D41BD2A1EA9F000E5A216 /* GoogleService-Info.plist in Resources */ = {isa = PBXBuildFile; fileRef = A40D41BC2A1EA9F000E5A216 /* GoogleService-Info.plist */; };
		A40D41BE2A1EA9F000E5A216 /* GoogleService-Info.plist in Resources */ = {isa = PBXBuildFile; fileRef = A40D41BC2A1EA9F000E5A216 /* GoogleService-Info.plist */; };
		A40D41C22A1EAC1700E5A216 /* BaseTestCase.swift in Sources */ = {isa = PBXBuildFile; fileRef = A40D41C12A1EAC1700E5A216 /* BaseTestCase.swift */; };
		A418B3E32A2516FF00F0B1BB /* MockCreateAccountService.swift in Sources */ = {isa = PBXBuildFile; fileRef = A418B3E22A2516FF00F0B1BB /* MockCreateAccountService.swift */; };
		A418B3E52A2518B400F0B1BB /* CreateAccountServiceTests.swift in Sources */ = {isa = PBXBuildFile; fileRef = A418B3E42A2518B400F0B1BB /* CreateAccountServiceTests.swift */; };
		A41DA2592A15632600E3AB98 /* FireStorage.docc in Sources */ = {isa = PBXBuildFile; fileRef = A41DA2582A15632600E3AB98 /* FireStorage.docc */; };
		A41DA25F2A15632600E3AB98 /* FireStorage.framework in Frameworks */ = {isa = PBXBuildFile; fileRef = A41DA2542A15632600E3AB98 /* FireStorage.framework */; };
		A41DA2652A15632600E3AB98 /* FireStorage.h in Headers */ = {isa = PBXBuildFile; fileRef = A41DA2572A15632600E3AB98 /* FireStorage.h */; settings = {ATTRIBUTES = (Public, ); }; };
		A42C11032A250B9C00B42BD9 /* MockLoginService.swift in Sources */ = {isa = PBXBuildFile; fileRef = A40D41BA2A1E8EC300E5A216 /* MockLoginService.swift */; };
		A47CD1FA2A38A906003C02E0 /* ProfileService.swift in Sources */ = {isa = PBXBuildFile; fileRef = A47CD1F92A38A906003C02E0 /* ProfileService.swift */; };
		A47CD1FC2A38AA2C003C02E0 /* ProfileDataSource.swift in Sources */ = {isa = PBXBuildFile; fileRef = A47CD1FB2A38AA2C003C02E0 /* ProfileDataSource.swift */; };
/* End PBXBuildFile section */

/* Begin PBXContainerItemProxy section */
		A41DA2602A15632600E3AB98 /* PBXContainerItemProxy */ = {
			isa = PBXContainerItemProxy;
			containerPortal = A41DA24B2A15632600E3AB98 /* Project object */;
			proxyType = 1;
			remoteGlobalIDString = A41DA2532A15632600E3AB98;
			remoteInfo = FireStorage;
		};
/* End PBXContainerItemProxy section */

/* Begin PBXCopyFilesBuildPhase section */
		A40D05272A156E87004F42ED /* Embed Frameworks */ = {
			isa = PBXCopyFilesBuildPhase;
			buildActionMask = 2147483647;
			dstPath = "";
			dstSubfolderSpec = 10;
			files = (
				A40D05262A156E87004F42ED /* AppData.framework in Embed Frameworks */,
			);
			name = "Embed Frameworks";
			runOnlyForDeploymentPostprocessing = 0;
		};
/* End PBXCopyFilesBuildPhase section */

/* Begin PBXFileReference section */
		A40D04D02A156D49004F42ED /* LoginDataSource.swift */ = {isa = PBXFileReference; fileEncoding = 4; lastKnownFileType = sourcecode.swift; path = LoginDataSource.swift; sourceTree = "<group>"; };
		A40D04D22A156D4E004F42ED /* LoginService.swift */ = {isa = PBXFileReference; fileEncoding = 4; lastKnownFileType = sourcecode.swift; path = LoginService.swift; sourceTree = "<group>"; };
		A40D04D42A156D62004F42ED /* CreateAccountService.swift */ = {isa = PBXFileReference; fileEncoding = 4; lastKnownFileType = sourcecode.swift; path = CreateAccountService.swift; sourceTree = "<group>"; };
		A40D04D62A156D69004F42ED /* CreateAccountDataSource.swift */ = {isa = PBXFileReference; fileEncoding = 4; lastKnownFileType = sourcecode.swift; path = CreateAccountDataSource.swift; sourceTree = "<group>"; };
		A40D05242A156E87004F42ED /* AppData.framework */ = {isa = PBXFileReference; explicitFileType = wrapper.framework; path = AppData.framework; sourceTree = BUILT_PRODUCTS_DIR; };
		A40D41B82A1E8E4400E5A216 /* LoginServiceTests.swift */ = {isa = PBXFileReference; lastKnownFileType = sourcecode.swift; path = LoginServiceTests.swift; sourceTree = "<group>"; };
		A40D41BA2A1E8EC300E5A216 /* MockLoginService.swift */ = {isa = PBXFileReference; lastKnownFileType = sourcecode.swift; path = MockLoginService.swift; sourceTree = "<group>"; };
		A40D41BC2A1EA9F000E5A216 /* GoogleService-Info.plist */ = {isa = PBXFileReference; fileEncoding = 4; lastKnownFileType = text.plist.xml; path = "GoogleService-Info.plist"; sourceTree = "<group>"; };
		A40D41C12A1EAC1700E5A216 /* BaseTestCase.swift */ = {isa = PBXFileReference; lastKnownFileType = sourcecode.swift; path = BaseTestCase.swift; sourceTree = "<group>"; };
		A418B3E22A2516FF00F0B1BB /* MockCreateAccountService.swift */ = {isa = PBXFileReference; lastKnownFileType = sourcecode.swift; path = MockCreateAccountService.swift; sourceTree = "<group>"; };
		A418B3E42A2518B400F0B1BB /* CreateAccountServiceTests.swift */ = {isa = PBXFileReference; lastKnownFileType = sourcecode.swift; path = CreateAccountServiceTests.swift; sourceTree = "<group>"; };
		A41DA2542A15632600E3AB98 /* FireStorage.framework */ = {isa = PBXFileReference; explicitFileType = wrapper.framework; includeInIndex = 0; path = FireStorage.framework; sourceTree = BUILT_PRODUCTS_DIR; };
		A41DA2572A15632600E3AB98 /* FireStorage.h */ = {isa = PBXFileReference; lastKnownFileType = sourcecode.c.h; path = FireStorage.h; sourceTree = "<group>"; };
		A41DA2582A15632600E3AB98 /* FireStorage.docc */ = {isa = PBXFileReference; lastKnownFileType = folder.documentationcatalog; path = FireStorage.docc; sourceTree = "<group>"; };
		A41DA25E2A15632600E3AB98 /* FireStorageTests.xctest */ = {isa = PBXFileReference; explicitFileType = wrapper.cfbundle; includeInIndex = 0; path = FireStorageTests.xctest; sourceTree = BUILT_PRODUCTS_DIR; };
		A47CD1F92A38A906003C02E0 /* ProfileService.swift */ = {isa = PBXFileReference; lastKnownFileType = sourcecode.swift; path = ProfileService.swift; sourceTree = "<group>"; };
		A47CD1FB2A38AA2C003C02E0 /* ProfileDataSource.swift */ = {isa = PBXFileReference; lastKnownFileType = sourcecode.swift; path = ProfileDataSource.swift; sourceTree = "<group>"; };
/* End PBXFileReference section */

/* Begin PBXFrameworksBuildPhase section */
		A41DA2512A15632600E3AB98 /* Frameworks */ = {
			isa = PBXFrameworksBuildPhase;
			buildActionMask = 2147483647;
			files = (
				A40D05252A156E87004F42ED /* AppData.framework in Frameworks */,
				A40B4ED62A166A3B009FB68F /* FirebaseStorage in Frameworks */,
				A40B4ED22A166A3B009FB68F /* FirebaseAuth in Frameworks */,
				A40B4ED42A166A3B009FB68F /* FirebaseFirestore in Frameworks */,
			);
			runOnlyForDeploymentPostprocessing = 0;
		};
		A41DA25B2A15632600E3AB98 /* Frameworks */ = {
			isa = PBXFrameworksBuildPhase;
			buildActionMask = 2147483647;
			files = (
				A41DA25F2A15632600E3AB98 /* FireStorage.framework in Frameworks */,
			);
			runOnlyForDeploymentPostprocessing = 0;
		};
/* End PBXFrameworksBuildPhase section */

/* Begin PBXGroup section */
		A40D04CD2A156D1C004F42ED /* Sources */ = {
			isa = PBXGroup;
			children = (
				A40D04CF2A156D36004F42ED /* Services */,
				A40D04CE2A156D2C004F42ED /* DataSources */,
			);
			path = Sources;
			sourceTree = "<group>";
		};
		A40D04CE2A156D2C004F42ED /* DataSources */ = {
			isa = PBXGroup;
			children = (
				A40D04D62A156D69004F42ED /* CreateAccountDataSource.swift */,
				A40D04D02A156D49004F42ED /* LoginDataSource.swift */,
				A47CD1FB2A38AA2C003C02E0 /* ProfileDataSource.swift */,
			);
			path = DataSources;
			sourceTree = "<group>";
		};
		A40D04CF2A156D36004F42ED /* Services */ = {
			isa = PBXGroup;
			children = (
				A40D04D42A156D62004F42ED /* CreateAccountService.swift */,
				A40D04D22A156D4E004F42ED /* LoginService.swift */,
				A47CD1F92A38A906003C02E0 /* ProfileService.swift */,
			);
			path = Services;
			sourceTree = "<group>";
		};
		A40D05232A156E87004F42ED /* Frameworks */ = {
			isa = PBXGroup;
			children = (
				A40D05242A156E87004F42ED /* AppData.framework */,
			);
			name = Frameworks;
			sourceTree = "<group>";
		};
		A41DA24A2A15632600E3AB98 = {
			isa = PBXGroup;
			children = (
				A41DA2562A15632600E3AB98 /* FireStorage */,
				A41DA2622A15632600E3AB98 /* FireStorageTests */,
				A41DA2552A15632600E3AB98 /* Products */,
				A40D05232A156E87004F42ED /* Frameworks */,
			);
			sourceTree = "<group>";
		};
		A41DA2552A15632600E3AB98 /* Products */ = {
			isa = PBXGroup;
			children = (
				A41DA2542A15632600E3AB98 /* FireStorage.framework */,
				A41DA25E2A15632600E3AB98 /* FireStorageTests.xctest */,
			);
			name = Products;
			sourceTree = "<group>";
		};
		A41DA2562A15632600E3AB98 /* FireStorage */ = {
			isa = PBXGroup;
			children = (
				A40D41BC2A1EA9F000E5A216 /* GoogleService-Info.plist */,
				A40D04CD2A156D1C004F42ED /* Sources */,
				A41DA2572A15632600E3AB98 /* FireStorage.h */,
				A41DA2582A15632600E3AB98 /* FireStorage.docc */,
			);
			path = FireStorage;
			sourceTree = "<group>";
		};
		A41DA2622A15632600E3AB98 /* FireStorageTests */ = {
			isa = PBXGroup;
			children = (
				A40D41BA2A1E8EC300E5A216 /* MockLoginService.swift */,
				A40D41B82A1E8E4400E5A216 /* LoginServiceTests.swift */,
				A418B3E22A2516FF00F0B1BB /* MockCreateAccountService.swift */,
				A418B3E42A2518B400F0B1BB /* CreateAccountServiceTests.swift */,
				A40D41C12A1EAC1700E5A216 /* BaseTestCase.swift */,
			);
			path = FireStorageTests;
			sourceTree = "<group>";
		};
/* End PBXGroup section */

/* Begin PBXHeadersBuildPhase section */
		A41DA24F2A15632600E3AB98 /* Headers */ = {
			isa = PBXHeadersBuildPhase;
			buildActionMask = 2147483647;
			files = (
				A41DA2652A15632600E3AB98 /* FireStorage.h in Headers */,
			);
			runOnlyForDeploymentPostprocessing = 0;
		};
/* End PBXHeadersBuildPhase section */

/* Begin PBXNativeTarget section */
		A41DA2532A15632600E3AB98 /* FireStorage */ = {
			isa = PBXNativeTarget;
			buildConfigurationList = A41DA2682A15632600E3AB98 /* Build configuration list for PBXNativeTarget "FireStorage" */;
			buildPhases = (
				A41DA24F2A15632600E3AB98 /* Headers */,
				A41DA2502A15632600E3AB98 /* Sources */,
				A41DA2512A15632600E3AB98 /* Frameworks */,
				A41DA2522A15632600E3AB98 /* Resources */,
				A40D05272A156E87004F42ED /* Embed Frameworks */,
			);
			buildRules = (
			);
			dependencies = (
			);
			name = FireStorage;
			packageProductDependencies = (
				A40B4ED12A166A3B009FB68F /* FirebaseAuth */,
				A40B4ED32A166A3B009FB68F /* FirebaseFirestore */,
				A40B4ED52A166A3B009FB68F /* FirebaseStorage */,
			);
			productName = FireStorage;
			productReference = A41DA2542A15632600E3AB98 /* FireStorage.framework */;
			productType = "com.apple.product-type.framework";
		};
		A41DA25D2A15632600E3AB98 /* FireStorageTests */ = {
			isa = PBXNativeTarget;
			buildConfigurationList = A41DA26B2A15632600E3AB98 /* Build configuration list for PBXNativeTarget "FireStorageTests" */;
			buildPhases = (
				A41DA25A2A15632600E3AB98 /* Sources */,
				A41DA25B2A15632600E3AB98 /* Frameworks */,
				A41DA25C2A15632600E3AB98 /* Resources */,
			);
			buildRules = (
			);
			dependencies = (
				A46244232A1F9BFF00680CB1 /* PBXTargetDependency */,
				A41DA2612A15632600E3AB98 /* PBXTargetDependency */,
			);
			name = FireStorageTests;
			productName = FireStorageTests;
			productReference = A41DA25E2A15632600E3AB98 /* FireStorageTests.xctest */;
			productType = "com.apple.product-type.bundle.unit-test";
		};
/* End PBXNativeTarget section */

/* Begin PBXProject section */
		A41DA24B2A15632600E3AB98 /* Project object */ = {
			isa = PBXProject;
			attributes = {
				BuildIndependentTargetsInParallel = 1;
				LastSwiftUpdateCheck = 1410;
				LastUpgradeCheck = 1410;
				TargetAttributes = {
					A41DA2532A15632600E3AB98 = {
						CreatedOnToolsVersion = 14.1;
					};
					A41DA25D2A15632600E3AB98 = {
						CreatedOnToolsVersion = 14.1;
					};
				};
			};
			buildConfigurationList = A41DA24E2A15632600E3AB98 /* Build configuration list for PBXProject "FireStorage" */;
			compatibilityVersion = "Xcode 14.0";
			developmentRegion = en;
			hasScannedForEncodings = 0;
			knownRegions = (
				en,
				Base,
			);
			mainGroup = A41DA24A2A15632600E3AB98;
			packageReferences = (
				A40B4ED02A166A3B009FB68F /* XCRemoteSwiftPackageReference "firebase-ios-sdk" */,
			);
			productRefGroup = A41DA2552A15632600E3AB98 /* Products */;
			projectDirPath = "";
			projectRoot = "";
			targets = (
				A41DA2532A15632600E3AB98 /* FireStorage */,
				A41DA25D2A15632600E3AB98 /* FireStorageTests */,
			);
		};
/* End PBXProject section */

/* Begin PBXResourcesBuildPhase section */
		A41DA2522A15632600E3AB98 /* Resources */ = {
			isa = PBXResourcesBuildPhase;
			buildActionMask = 2147483647;
			files = (
				A40D41BD2A1EA9F000E5A216 /* GoogleService-Info.plist in Resources */,
			);
			runOnlyForDeploymentPostprocessing = 0;
		};
		A41DA25C2A15632600E3AB98 /* Resources */ = {
			isa = PBXResourcesBuildPhase;
			buildActionMask = 2147483647;
			files = (
				A40D41BE2A1EA9F000E5A216 /* GoogleService-Info.plist in Resources */,
			);
			runOnlyForDeploymentPostprocessing = 0;
		};
/* End PBXResourcesBuildPhase section */

/* Begin PBXSourcesBuildPhase section */
		A41DA2502A15632600E3AB98 /* Sources */ = {
			isa = PBXSourcesBuildPhase;
			buildActionMask = 2147483647;
			files = (
				A40D04D12A156D49004F42ED /* LoginDataSource.swift in Sources */,
				A47CD1FA2A38A906003C02E0 /* ProfileService.swift in Sources */,
				A47CD1FC2A38AA2C003C02E0 /* ProfileDataSource.swift in Sources */,
				A40D04D32A156D4E004F42ED /* LoginService.swift in Sources */,
				A41DA2592A15632600E3AB98 /* FireStorage.docc in Sources */,
				A40D04D52A156D62004F42ED /* CreateAccountService.swift in Sources */,
				A40D04D72A156D69004F42ED /* CreateAccountDataSource.swift in Sources */,
			);
			runOnlyForDeploymentPostprocessing = 0;
		};
		A41DA25A2A15632600E3AB98 /* Sources */ = {
			isa = PBXSourcesBuildPhase;
			buildActionMask = 2147483647;
			files = (
				A40D41C22A1EAC1700E5A216 /* BaseTestCase.swift in Sources */,
				A418B3E32A2516FF00F0B1BB /* MockCreateAccountService.swift in Sources */,
				A418B3E52A2518B400F0B1BB /* CreateAccountServiceTests.swift in Sources */,
				A42C11032A250B9C00B42BD9 /* MockLoginService.swift in Sources */,
				A40D41B92A1E8E4400E5A216 /* LoginServiceTests.swift in Sources */,
			);
			runOnlyForDeploymentPostprocessing = 0;
		};
/* End PBXSourcesBuildPhase section */

/* Begin PBXTargetDependency section */
		A41DA2612A15632600E3AB98 /* PBXTargetDependency */ = {
			isa = PBXTargetDependency;
			target = A41DA2532A15632600E3AB98 /* FireStorage */;
			targetProxy = A41DA2602A15632600E3AB98 /* PBXContainerItemProxy */;
		};
		A46244232A1F9BFF00680CB1 /* PBXTargetDependency */ = {
			isa = PBXTargetDependency;
			productRef = A46244222A1F9BFF00680CB1 /* FirebaseAuth */;
		};
/* End PBXTargetDependency section */

/* Begin XCBuildConfiguration section */
		A41DA2662A15632600E3AB98 /* Debug */ = {
			isa = XCBuildConfiguration;
			buildSettings = {
				ALWAYS_SEARCH_USER_PATHS = NO;
				CLANG_ANALYZER_NONNULL = YES;
				CLANG_ANALYZER_NUMBER_OBJECT_CONVERSION = YES_AGGRESSIVE;
				CLANG_CXX_LANGUAGE_STANDARD = "gnu++20";
				CLANG_ENABLE_MODULES = YES;
				CLANG_ENABLE_OBJC_ARC = YES;
				CLANG_ENABLE_OBJC_WEAK = YES;
				CLANG_WARN_BLOCK_CAPTURE_AUTORELEASING = YES;
				CLANG_WARN_BOOL_CONVERSION = YES;
				CLANG_WARN_COMMA = YES;
				CLANG_WARN_CONSTANT_CONVERSION = YES;
				CLANG_WARN_DEPRECATED_OBJC_IMPLEMENTATIONS = YES;
				CLANG_WARN_DIRECT_OBJC_ISA_USAGE = YES_ERROR;
				CLANG_WARN_DOCUMENTATION_COMMENTS = YES;
				CLANG_WARN_EMPTY_BODY = YES;
				CLANG_WARN_ENUM_CONVERSION = YES;
				CLANG_WARN_INFINITE_RECURSION = YES;
				CLANG_WARN_INT_CONVERSION = YES;
				CLANG_WARN_NON_LITERAL_NULL_CONVERSION = YES;
				CLANG_WARN_OBJC_IMPLICIT_RETAIN_SELF = YES;
				CLANG_WARN_OBJC_LITERAL_CONVERSION = YES;
				CLANG_WARN_OBJC_ROOT_CLASS = YES_ERROR;
				CLANG_WARN_QUOTED_INCLUDE_IN_FRAMEWORK_HEADER = YES;
				CLANG_WARN_RANGE_LOOP_ANALYSIS = YES;
				CLANG_WARN_STRICT_PROTOTYPES = YES;
				CLANG_WARN_SUSPICIOUS_MOVE = YES;
				CLANG_WARN_UNGUARDED_AVAILABILITY = YES_AGGRESSIVE;
				CLANG_WARN_UNREACHABLE_CODE = YES;
				CLANG_WARN__DUPLICATE_METHOD_MATCH = YES;
				COPY_PHASE_STRIP = NO;
				CURRENT_PROJECT_VERSION = 1;
				DEBUG_INFORMATION_FORMAT = dwarf;
				ENABLE_STRICT_OBJC_MSGSEND = YES;
				ENABLE_TESTABILITY = YES;
				GCC_C_LANGUAGE_STANDARD = gnu11;
				GCC_DYNAMIC_NO_PIC = NO;
				GCC_NO_COMMON_BLOCKS = YES;
				GCC_OPTIMIZATION_LEVEL = 0;
				GCC_PREPROCESSOR_DEFINITIONS = (
					"DEBUG=1",
					"$(inherited)",
				);
				GCC_WARN_64_TO_32_BIT_CONVERSION = YES;
				GCC_WARN_ABOUT_RETURN_TYPE = YES_ERROR;
				GCC_WARN_UNDECLARED_SELECTOR = YES;
				GCC_WARN_UNINITIALIZED_AUTOS = YES_AGGRESSIVE;
				GCC_WARN_UNUSED_FUNCTION = YES;
				GCC_WARN_UNUSED_VARIABLE = YES;
				IPHONEOS_DEPLOYMENT_TARGET = 16.1;
				MTL_ENABLE_DEBUG_INFO = INCLUDE_SOURCE;
				MTL_FAST_MATH = YES;
				ONLY_ACTIVE_ARCH = YES;
				SDKROOT = iphoneos;
				SWIFT_ACTIVE_COMPILATION_CONDITIONS = DEBUG;
				SWIFT_OPTIMIZATION_LEVEL = "-Onone";
				VERSIONING_SYSTEM = "apple-generic";
				VERSION_INFO_PREFIX = "";
			};
			name = Debug;
		};
		A41DA2672A15632600E3AB98 /* Release */ = {
			isa = XCBuildConfiguration;
			buildSettings = {
				ALWAYS_SEARCH_USER_PATHS = NO;
				CLANG_ANALYZER_NONNULL = YES;
				CLANG_ANALYZER_NUMBER_OBJECT_CONVERSION = YES_AGGRESSIVE;
				CLANG_CXX_LANGUAGE_STANDARD = "gnu++20";
				CLANG_ENABLE_MODULES = YES;
				CLANG_ENABLE_OBJC_ARC = YES;
				CLANG_ENABLE_OBJC_WEAK = YES;
				CLANG_WARN_BLOCK_CAPTURE_AUTORELEASING = YES;
				CLANG_WARN_BOOL_CONVERSION = YES;
				CLANG_WARN_COMMA = YES;
				CLANG_WARN_CONSTANT_CONVERSION = YES;
				CLANG_WARN_DEPRECATED_OBJC_IMPLEMENTATIONS = YES;
				CLANG_WARN_DIRECT_OBJC_ISA_USAGE = YES_ERROR;
				CLANG_WARN_DOCUMENTATION_COMMENTS = YES;
				CLANG_WARN_EMPTY_BODY = YES;
				CLANG_WARN_ENUM_CONVERSION = YES;
				CLANG_WARN_INFINITE_RECURSION = YES;
				CLANG_WARN_INT_CONVERSION = YES;
				CLANG_WARN_NON_LITERAL_NULL_CONVERSION = YES;
				CLANG_WARN_OBJC_IMPLICIT_RETAIN_SELF = YES;
				CLANG_WARN_OBJC_LITERAL_CONVERSION = YES;
				CLANG_WARN_OBJC_ROOT_CLASS = YES_ERROR;
				CLANG_WARN_QUOTED_INCLUDE_IN_FRAMEWORK_HEADER = YES;
				CLANG_WARN_RANGE_LOOP_ANALYSIS = YES;
				CLANG_WARN_STRICT_PROTOTYPES = YES;
				CLANG_WARN_SUSPICIOUS_MOVE = YES;
				CLANG_WARN_UNGUARDED_AVAILABILITY = YES_AGGRESSIVE;
				CLANG_WARN_UNREACHABLE_CODE = YES;
				CLANG_WARN__DUPLICATE_METHOD_MATCH = YES;
				COPY_PHASE_STRIP = NO;
				CURRENT_PROJECT_VERSION = 1;
				DEBUG_INFORMATION_FORMAT = "dwarf-with-dsym";
				ENABLE_NS_ASSERTIONS = NO;
				ENABLE_STRICT_OBJC_MSGSEND = YES;
				GCC_C_LANGUAGE_STANDARD = gnu11;
				GCC_NO_COMMON_BLOCKS = YES;
				GCC_WARN_64_TO_32_BIT_CONVERSION = YES;
				GCC_WARN_ABOUT_RETURN_TYPE = YES_ERROR;
				GCC_WARN_UNDECLARED_SELECTOR = YES;
				GCC_WARN_UNINITIALIZED_AUTOS = YES_AGGRESSIVE;
				GCC_WARN_UNUSED_FUNCTION = YES;
				GCC_WARN_UNUSED_VARIABLE = YES;
				IPHONEOS_DEPLOYMENT_TARGET = 16.1;
				MTL_ENABLE_DEBUG_INFO = NO;
				MTL_FAST_MATH = YES;
				SDKROOT = iphoneos;
				SWIFT_COMPILATION_MODE = wholemodule;
				SWIFT_OPTIMIZATION_LEVEL = "-O";
				VALIDATE_PRODUCT = YES;
				VERSIONING_SYSTEM = "apple-generic";
				VERSION_INFO_PREFIX = "";
			};
			name = Release;
		};
		A41DA2692A15632600E3AB98 /* Debug */ = {
			isa = XCBuildConfiguration;
			buildSettings = {
				CODE_SIGN_STYLE = Automatic;
				CURRENT_PROJECT_VERSION = 1;
				DEFINES_MODULE = YES;
				DYLIB_COMPATIBILITY_VERSION = 1;
				DYLIB_CURRENT_VERSION = 1;
				DYLIB_INSTALL_NAME_BASE = "@rpath";
				GENERATE_INFOPLIST_FILE = YES;
				INFOPLIST_KEY_NSHumanReadableCopyright = "";
				INSTALL_PATH = "$(LOCAL_LIBRARY_DIR)/Frameworks";
				LD_RUNPATH_SEARCH_PATHS = (
					"$(inherited)",
					"@executable_path/Frameworks",
					"@loader_path/Frameworks",
				);
				MARKETING_VERSION = 1.0;
				PRODUCT_BUNDLE_IDENTIFIER = jessica.com.FireStorage;
				PRODUCT_NAME = "$(TARGET_NAME:c99extidentifier)";
				SKIP_INSTALL = YES;
				SWIFT_EMIT_LOC_STRINGS = YES;
				SWIFT_VERSION = 5.0;
				TARGETED_DEVICE_FAMILY = "1,2";
			};
			name = Debug;
		};
		A41DA26A2A15632600E3AB98 /* Release */ = {
			isa = XCBuildConfiguration;
			buildSettings = {
				CODE_SIGN_STYLE = Automatic;
				CURRENT_PROJECT_VERSION = 1;
				DEFINES_MODULE = YES;
				DYLIB_COMPATIBILITY_VERSION = 1;
				DYLIB_CURRENT_VERSION = 1;
				DYLIB_INSTALL_NAME_BASE = "@rpath";
				GENERATE_INFOPLIST_FILE = YES;
				INFOPLIST_KEY_NSHumanReadableCopyright = "";
				INSTALL_PATH = "$(LOCAL_LIBRARY_DIR)/Frameworks";
				LD_RUNPATH_SEARCH_PATHS = (
					"$(inherited)",
					"@executable_path/Frameworks",
					"@loader_path/Frameworks",
				);
				MARKETING_VERSION = 1.0;
				PRODUCT_BUNDLE_IDENTIFIER = jessica.com.FireStorage;
				PRODUCT_NAME = "$(TARGET_NAME:c99extidentifier)";
				SKIP_INSTALL = YES;
				SWIFT_EMIT_LOC_STRINGS = YES;
				SWIFT_VERSION = 5.0;
				TARGETED_DEVICE_FAMILY = "1,2";
			};
			name = Release;
		};
		A41DA26C2A15632600E3AB98 /* Debug */ = {
			isa = XCBuildConfiguration;
			buildSettings = {
				ALWAYS_EMBED_SWIFT_STANDARD_LIBRARIES = YES;
				CODE_SIGN_STYLE = Automatic;
				CURRENT_PROJECT_VERSION = 1;
				GENERATE_INFOPLIST_FILE = YES;
				MARKETING_VERSION = 1.0;
				PRODUCT_BUNDLE_IDENTIFIER = jessica.com.FireStorageTests;
				PRODUCT_NAME = "$(TARGET_NAME)";
				SWIFT_EMIT_LOC_STRINGS = NO;
				SWIFT_VERSION = 5.0;
				TARGETED_DEVICE_FAMILY = "1,2";
			};
			name = Debug;
		};
		A41DA26D2A15632600E3AB98 /* Release */ = {
			isa = XCBuildConfiguration;
			buildSettings = {
				ALWAYS_EMBED_SWIFT_STANDARD_LIBRARIES = YES;
				CODE_SIGN_STYLE = Automatic;
				CURRENT_PROJECT_VERSION = 1;
				GENERATE_INFOPLIST_FILE = YES;
				MARKETING_VERSION = 1.0;
				PRODUCT_BUNDLE_IDENTIFIER = jessica.com.FireStorageTests;
				PRODUCT_NAME = "$(TARGET_NAME)";
				SWIFT_EMIT_LOC_STRINGS = NO;
				SWIFT_VERSION = 5.0;
				TARGETED_DEVICE_FAMILY = "1,2";
			};
			name = Release;
		};
/* End XCBuildConfiguration section */

/* Begin XCConfigurationList section */
		A41DA24E2A15632600E3AB98 /* Build configuration list for PBXProject "FireStorage" */ = {
			isa = XCConfigurationList;
			buildConfigurations = (
				A41DA2662A15632600E3AB98 /* Debug */,
				A41DA2672A15632600E3AB98 /* Release */,
			);
			defaultConfigurationIsVisible = 0;
			defaultConfigurationName = Release;
		};
		A41DA2682A15632600E3AB98 /* Build configuration list for PBXNativeTarget "FireStorage" */ = {
			isa = XCConfigurationList;
			buildConfigurations = (
				A41DA2692A15632600E3AB98 /* Debug */,
				A41DA26A2A15632600E3AB98 /* Release */,
			);
			defaultConfigurationIsVisible = 0;
			defaultConfigurationName = Release;
		};
		A41DA26B2A15632600E3AB98 /* Build configuration list for PBXNativeTarget "FireStorageTests" */ = {
			isa = XCConfigurationList;
			buildConfigurations = (
				A41DA26C2A15632600E3AB98 /* Debug */,
				A41DA26D2A15632600E3AB98 /* Release */,
			);
			defaultConfigurationIsVisible = 0;
			defaultConfigurationName = Release;
		};
/* End XCConfigurationList section */

/* Begin XCRemoteSwiftPackageReference section */
		A40B4ED02A166A3B009FB68F /* XCRemoteSwiftPackageReference "firebase-ios-sdk" */ = {
			isa = XCRemoteSwiftPackageReference;
			repositoryURL = "https://github.com/firebase/firebase-ios-sdk";
			requirement = {
				kind = upToNextMajorVersion;
				minimumVersion = 9.0.0;
			};
		};
/* End XCRemoteSwiftPackageReference section */

/* Begin XCSwiftPackageProductDependency section */
		A40B4ED12A166A3B009FB68F /* FirebaseAuth */ = {
			isa = XCSwiftPackageProductDependency;
			package = A40B4ED02A166A3B009FB68F /* XCRemoteSwiftPackageReference "firebase-ios-sdk" */;
			productName = FirebaseAuth;
		};
		A40B4ED32A166A3B009FB68F /* FirebaseFirestore */ = {
			isa = XCSwiftPackageProductDependency;
			package = A40B4ED02A166A3B009FB68F /* XCRemoteSwiftPackageReference "firebase-ios-sdk" */;
			productName = FirebaseFirestore;
		};
		A40B4ED52A166A3B009FB68F /* FirebaseStorage */ = {
			isa = XCSwiftPackageProductDependency;
			package = A40B4ED02A166A3B009FB68F /* XCRemoteSwiftPackageReference "firebase-ios-sdk" */;
			productName = FirebaseStorage;
		};
		A46244222A1F9BFF00680CB1 /* FirebaseAuth */ = {
			isa = XCSwiftPackageProductDependency;
			package = A40B4ED02A166A3B009FB68F /* XCRemoteSwiftPackageReference "firebase-ios-sdk" */;
			productName = FirebaseAuth;
		};
/* End XCSwiftPackageProductDependency section */
	};
	rootObject = A41DA24B2A15632600E3AB98 /* Project object */;
}
