// !$*UTF8*$!
{
	archiveVersion = 1;
	classes = {
	};
	objectVersion = 56;
	objects = {

/* Begin PBXBuildFile section */
		A40D04EC2A156DEB004F42ED /* CreateAccountDataSource.swift in Sources */ = {isa = PBXBuildFile; fileRef = A40D04EA2A156DEB004F42ED /* CreateAccountDataSource.swift */; };
		A40D04ED2A156DEB004F42ED /* LoginDataSource.swift in Sources */ = {isa = PBXBuildFile; fileRef = A40D04EB2A156DEB004F42ED /* LoginDataSource.swift */; };
		A40D04F02A156DF3004F42ED /* CreateAccountRepository.swift in Sources */ = {isa = PBXBuildFile; fileRef = A40D04EE2A156DF3004F42ED /* CreateAccountRepository.swift */; };
		A40D04F12A156DF3004F42ED /* LoginRepository.swift in Sources */ = {isa = PBXBuildFile; fileRef = A40D04EF2A156DF3004F42ED /* LoginRepository.swift */; };
		A40D051A2A156E52004F42ED /* Common.framework in Frameworks */ = {isa = PBXBuildFile; fileRef = A40D05192A156E52004F42ED /* Common.framework */; };
		A40D051B2A156E52004F42ED /* Common.framework in Embed Frameworks */ = {isa = PBXBuildFile; fileRef = A40D05192A156E52004F42ED /* Common.framework */; settings = {ATTRIBUTES = (CodeSignOnCopy, RemoveHeadersOnCopy, ); }; };
		A40D051E2A156E72004F42ED /* Domain.framework in Frameworks */ = {isa = PBXBuildFile; fileRef = A40D051D2A156E72004F42ED /* Domain.framework */; };
		A40D051F2A156E72004F42ED /* Domain.framework in Embed Frameworks */ = {isa = PBXBuildFile; fileRef = A40D051D2A156E72004F42ED /* Domain.framework */; settings = {ATTRIBUTES = (CodeSignOnCopy, RemoveHeadersOnCopy, ); }; };
		A41DA2112A15630400E3AB98 /* AppData.docc in Sources */ = {isa = PBXBuildFile; fileRef = A41DA2102A15630400E3AB98 /* AppData.docc */; };
		A41DA2172A15630400E3AB98 /* AppData.framework in Frameworks */ = {isa = PBXBuildFile; fileRef = A41DA20C2A15630400E3AB98 /* AppData.framework */; };
		A41DA21C2A15630400E3AB98 /* AppDataTests.swift in Sources */ = {isa = PBXBuildFile; fileRef = A41DA21B2A15630400E3AB98 /* AppDataTests.swift */; };
		A41DA21D2A15630400E3AB98 /* AppData.h in Headers */ = {isa = PBXBuildFile; fileRef = A41DA20F2A15630400E3AB98 /* AppData.h */; settings = {ATTRIBUTES = (Public, ); }; };
/* End PBXBuildFile section */

/* Begin PBXContainerItemProxy section */
		A41DA2182A15630400E3AB98 /* PBXContainerItemProxy */ = {
			isa = PBXContainerItemProxy;
			containerPortal = A41DA2032A15630400E3AB98 /* Project object */;
			proxyType = 1;
			remoteGlobalIDString = A41DA20B2A15630400E3AB98;
			remoteInfo = AppData;
		};
/* End PBXContainerItemProxy section */

/* Begin PBXCopyFilesBuildPhase section */
		A40D051C2A156E52004F42ED /* Embed Frameworks */ = {
			isa = PBXCopyFilesBuildPhase;
			buildActionMask = 2147483647;
			dstPath = "";
			dstSubfolderSpec = 10;
			files = (
				A40D051F2A156E72004F42ED /* Domain.framework in Embed Frameworks */,
				A40D051B2A156E52004F42ED /* Common.framework in Embed Frameworks */,
			);
			name = "Embed Frameworks";
			runOnlyForDeploymentPostprocessing = 0;
		};
/* End PBXCopyFilesBuildPhase section */

/* Begin PBXFileReference section */
		A40D04EA2A156DEB004F42ED /* CreateAccountDataSource.swift */ = {isa = PBXFileReference; fileEncoding = 4; lastKnownFileType = sourcecode.swift; path = CreateAccountDataSource.swift; sourceTree = "<group>"; };
		A40D04EB2A156DEB004F42ED /* LoginDataSource.swift */ = {isa = PBXFileReference; fileEncoding = 4; lastKnownFileType = sourcecode.swift; path = LoginDataSource.swift; sourceTree = "<group>"; };
		A40D04EE2A156DF3004F42ED /* CreateAccountRepository.swift */ = {isa = PBXFileReference; fileEncoding = 4; lastKnownFileType = sourcecode.swift; path = CreateAccountRepository.swift; sourceTree = "<group>"; };
		A40D04EF2A156DF3004F42ED /* LoginRepository.swift */ = {isa = PBXFileReference; fileEncoding = 4; lastKnownFileType = sourcecode.swift; path = LoginRepository.swift; sourceTree = "<group>"; };
		A40D05192A156E52004F42ED /* Common.framework */ = {isa = PBXFileReference; explicitFileType = wrapper.framework; path = Common.framework; sourceTree = BUILT_PRODUCTS_DIR; };
		A40D051D2A156E72004F42ED /* Domain.framework */ = {isa = PBXFileReference; explicitFileType = wrapper.framework; path = Domain.framework; sourceTree = BUILT_PRODUCTS_DIR; };
		A40D05202A156E77004F42ED /* FireStorage.framework */ = {isa = PBXFileReference; explicitFileType = wrapper.framework; path = FireStorage.framework; sourceTree = BUILT_PRODUCTS_DIR; };
		A41DA20C2A15630400E3AB98 /* AppData.framework */ = {isa = PBXFileReference; explicitFileType = wrapper.framework; includeInIndex = 0; path = AppData.framework; sourceTree = BUILT_PRODUCTS_DIR; };
		A41DA20F2A15630400E3AB98 /* AppData.h */ = {isa = PBXFileReference; lastKnownFileType = sourcecode.c.h; path = AppData.h; sourceTree = "<group>"; };
		A41DA2102A15630400E3AB98 /* AppData.docc */ = {isa = PBXFileReference; lastKnownFileType = folder.documentationcatalog; path = AppData.docc; sourceTree = "<group>"; };
		A41DA2162A15630400E3AB98 /* AppDataTests.xctest */ = {isa = PBXFileReference; explicitFileType = wrapper.cfbundle; includeInIndex = 0; path = AppDataTests.xctest; sourceTree = BUILT_PRODUCTS_DIR; };
		A41DA21B2A15630400E3AB98 /* AppDataTests.swift */ = {isa = PBXFileReference; lastKnownFileType = sourcecode.swift; path = AppDataTests.swift; sourceTree = "<group>"; };
/* End PBXFileReference section */

/* Begin PBXFrameworksBuildPhase section */
		A41DA2092A15630400E3AB98 /* Frameworks */ = {
			isa = PBXFrameworksBuildPhase;
			buildActionMask = 2147483647;
			files = (
				A40D051E2A156E72004F42ED /* Domain.framework in Frameworks */,
				A40D051A2A156E52004F42ED /* Common.framework in Frameworks */,
			);
			runOnlyForDeploymentPostprocessing = 0;
		};
		A41DA2132A15630400E3AB98 /* Frameworks */ = {
			isa = PBXFrameworksBuildPhase;
			buildActionMask = 2147483647;
			files = (
				A41DA2172A15630400E3AB98 /* AppData.framework in Frameworks */,
			);
			runOnlyForDeploymentPostprocessing = 0;
		};
/* End PBXFrameworksBuildPhase section */

/* Begin PBXGroup section */
		A40D04E72A156DB0004F42ED /* DataSources */ = {
			isa = PBXGroup;
			children = (
				A40D04EA2A156DEB004F42ED /* CreateAccountDataSource.swift */,
				A40D04EB2A156DEB004F42ED /* LoginDataSource.swift */,
			);
			path = DataSources;
			sourceTree = "<group>";
		};
		A40D04E82A156DC3004F42ED /* DataTransferObjectes */ = {
			isa = PBXGroup;
			children = (
			);
			path = DataTransferObjectes;
			sourceTree = "<group>";
		};
		A40D04E92A156DDA004F42ED /* Repositories */ = {
			isa = PBXGroup;
			children = (
				A40D04EE2A156DF3004F42ED /* CreateAccountRepository.swift */,
				A40D04EF2A156DF3004F42ED /* LoginRepository.swift */,
			);
			path = Repositories;
			sourceTree = "<group>";
		};
		A40D05182A156E52004F42ED /* Frameworks */ = {
			isa = PBXGroup;
			children = (
				A40D05202A156E77004F42ED /* FireStorage.framework */,
				A40D051D2A156E72004F42ED /* Domain.framework */,
				A40D05192A156E52004F42ED /* Common.framework */,
			);
			name = Frameworks;
			sourceTree = "<group>";
		};
		A41DA2022A15630400E3AB98 = {
			isa = PBXGroup;
			children = (
				A41DA20E2A15630400E3AB98 /* AppData */,
				A41DA21A2A15630400E3AB98 /* AppDataTests */,
				A41DA20D2A15630400E3AB98 /* Products */,
				A40D05182A156E52004F42ED /* Frameworks */,
			);
			sourceTree = "<group>";
		};
		A41DA20D2A15630400E3AB98 /* Products */ = {
			isa = PBXGroup;
			children = (
				A41DA20C2A15630400E3AB98 /* AppData.framework */,
				A41DA2162A15630400E3AB98 /* AppDataTests.xctest */,
			);
			name = Products;
			sourceTree = "<group>";
		};
		A41DA20E2A15630400E3AB98 /* AppData */ = {
			isa = PBXGroup;
			children = (
				A40D04E92A156DDA004F42ED /* Repositories */,
				A40D04E82A156DC3004F42ED /* DataTransferObjectes */,
				A40D04E72A156DB0004F42ED /* DataSources */,
				A41DA20F2A15630400E3AB98 /* AppData.h */,
				A41DA2102A15630400E3AB98 /* AppData.docc */,
			);
			path = AppData;
			sourceTree = "<group>";
		};
		A41DA21A2A15630400E3AB98 /* AppDataTests */ = {
			isa = PBXGroup;
			children = (
				A41DA21B2A15630400E3AB98 /* AppDataTests.swift */,
			);
			path = AppDataTests;
			sourceTree = "<group>";
		};
/* End PBXGroup section */

/* Begin PBXHeadersBuildPhase section */
		A41DA2072A15630400E3AB98 /* Headers */ = {
			isa = PBXHeadersBuildPhase;
			buildActionMask = 2147483647;
			files = (
				A41DA21D2A15630400E3AB98 /* AppData.h in Headers */,
			);
			runOnlyForDeploymentPostprocessing = 0;
		};
/* End PBXHeadersBuildPhase section */

/* Begin PBXNativeTarget section */
		A41DA20B2A15630400E3AB98 /* AppData */ = {
			isa = PBXNativeTarget;
			buildConfigurationList = A41DA2202A15630400E3AB98 /* Build configuration list for PBXNativeTarget "AppData" */;
			buildPhases = (
				A41DA2072A15630400E3AB98 /* Headers */,
				A41DA2082A15630400E3AB98 /* Sources */,
				A41DA2092A15630400E3AB98 /* Frameworks */,
				A41DA20A2A15630400E3AB98 /* Resources */,
				A40D051C2A156E52004F42ED /* Embed Frameworks */,
			);
			buildRules = (
			);
			dependencies = (
			);
			name = AppData;
			productName = AppData;
			productReference = A41DA20C2A15630400E3AB98 /* AppData.framework */;
			productType = "com.apple.product-type.framework";
		};
		A41DA2152A15630400E3AB98 /* AppDataTests */ = {
			isa = PBXNativeTarget;
			buildConfigurationList = A41DA2232A15630400E3AB98 /* Build configuration list for PBXNativeTarget "AppDataTests" */;
			buildPhases = (
				A41DA2122A15630400E3AB98 /* Sources */,
				A41DA2132A15630400E3AB98 /* Frameworks */,
				A41DA2142A15630400E3AB98 /* Resources */,
			);
			buildRules = (
			);
			dependencies = (
				A41DA2192A15630400E3AB98 /* PBXTargetDependency */,
			);
			name = AppDataTests;
			productName = AppDataTests;
			productReference = A41DA2162A15630400E3AB98 /* AppDataTests.xctest */;
			productType = "com.apple.product-type.bundle.unit-test";
		};
/* End PBXNativeTarget section */

/* Begin PBXProject section */
		A41DA2032A15630400E3AB98 /* Project object */ = {
			isa = PBXProject;
			attributes = {
				BuildIndependentTargetsInParallel = 1;
				LastSwiftUpdateCheck = 1410;
				LastUpgradeCheck = 1410;
				TargetAttributes = {
					A41DA20B2A15630400E3AB98 = {
						CreatedOnToolsVersion = 14.1;
					};
					A41DA2152A15630400E3AB98 = {
						CreatedOnToolsVersion = 14.1;
					};
				};
			};
			buildConfigurationList = A41DA2062A15630400E3AB98 /* Build configuration list for PBXProject "AppData" */;
			compatibilityVersion = "Xcode 14.0";
			developmentRegion = en;
			hasScannedForEncodings = 0;
			knownRegions = (
				en,
				Base,
			);
			mainGroup = A41DA2022A15630400E3AB98;
			productRefGroup = A41DA20D2A15630400E3AB98 /* Products */;
			projectDirPath = "";
			projectRoot = "";
			targets = (
				A41DA20B2A15630400E3AB98 /* AppData */,
				A41DA2152A15630400E3AB98 /* AppDataTests */,
			);
		};
/* End PBXProject section */

/* Begin PBXResourcesBuildPhase section */
		A41DA20A2A15630400E3AB98 /* Resources */ = {
			isa = PBXResourcesBuildPhase;
			buildActionMask = 2147483647;
			files = (
			);
			runOnlyForDeploymentPostprocessing = 0;
		};
		A41DA2142A15630400E3AB98 /* Resources */ = {
			isa = PBXResourcesBuildPhase;
			buildActionMask = 2147483647;
			files = (
			);
			runOnlyForDeploymentPostprocessing = 0;
		};
/* End PBXResourcesBuildPhase section */

/* Begin PBXSourcesBuildPhase section */
		A41DA2082A15630400E3AB98 /* Sources */ = {
			isa = PBXSourcesBuildPhase;
			buildActionMask = 2147483647;
			files = (
				A40D04F12A156DF3004F42ED /* LoginRepository.swift in Sources */,
				A40D04EC2A156DEB004F42ED /* CreateAccountDataSource.swift in Sources */,
				A40D04F02A156DF3004F42ED /* CreateAccountRepository.swift in Sources */,
				A40D04ED2A156DEB004F42ED /* LoginDataSource.swift in Sources */,
				A41DA2112A15630400E3AB98 /* AppData.docc in Sources */,
			);
			runOnlyForDeploymentPostprocessing = 0;
		};
		A41DA2122A15630400E3AB98 /* Sources */ = {
			isa = PBXSourcesBuildPhase;
			buildActionMask = 2147483647;
			files = (
				A41DA21C2A15630400E3AB98 /* AppDataTests.swift in Sources */,
			);
			runOnlyForDeploymentPostprocessing = 0;
		};
/* End PBXSourcesBuildPhase section */

/* Begin PBXTargetDependency section */
		A41DA2192A15630400E3AB98 /* PBXTargetDependency */ = {
			isa = PBXTargetDependency;
			target = A41DA20B2A15630400E3AB98 /* AppData */;
			targetProxy = A41DA2182A15630400E3AB98 /* PBXContainerItemProxy */;
		};
/* End PBXTargetDependency section */

/* Begin XCBuildConfiguration section */
		A41DA21E2A15630400E3AB98 /* Debug */ = {
			isa = XCBuildConfiguration;
			buildSettings = {
				ALWAYS_SEARCH_USER_PATHS = NO;
				CLANG_ANALYZER_NONNULL = YES;
				CLANG_ANALYZER_NUMBER_OBJECT_CONVERSION = YES_AGGRESSIVE;
				CLANG_CXX_LANGUAGE_STANDARD = "gnu++20";
				CLANG_ENABLE_MODULES = YES;
				CLANG_ENABLE_OBJC_ARC = YES;
				CLANG_ENABLE_OBJC_WEAK = YES;
				CLANG_WARN_BLOCK_CAPTURE_AUTORELEASING = YES;
				CLANG_WARN_BOOL_CONVERSION = YES;
				CLANG_WARN_COMMA = YES;
				CLANG_WARN_CONSTANT_CONVERSION = YES;
				CLANG_WARN_DEPRECATED_OBJC_IMPLEMENTATIONS = YES;
				CLANG_WARN_DIRECT_OBJC_ISA_USAGE = YES_ERROR;
				CLANG_WARN_DOCUMENTATION_COMMENTS = YES;
				CLANG_WARN_EMPTY_BODY = YES;
				CLANG_WARN_ENUM_CONVERSION = YES;
				CLANG_WARN_INFINITE_RECURSION = YES;
				CLANG_WARN_INT_CONVERSION = YES;
				CLANG_WARN_NON_LITERAL_NULL_CONVERSION = YES;
				CLANG_WARN_OBJC_IMPLICIT_RETAIN_SELF = YES;
				CLANG_WARN_OBJC_LITERAL_CONVERSION = YES;
				CLANG_WARN_OBJC_ROOT_CLASS = YES_ERROR;
				CLANG_WARN_QUOTED_INCLUDE_IN_FRAMEWORK_HEADER = YES;
				CLANG_WARN_RANGE_LOOP_ANALYSIS = YES;
				CLANG_WARN_STRICT_PROTOTYPES = YES;
				CLANG_WARN_SUSPICIOUS_MOVE = YES;
				CLANG_WARN_UNGUARDED_AVAILABILITY = YES_AGGRESSIVE;
				CLANG_WARN_UNREACHABLE_CODE = YES;
				CLANG_WARN__DUPLICATE_METHOD_MATCH = YES;
				COPY_PHASE_STRIP = NO;
				CURRENT_PROJECT_VERSION = 1;
				DEBUG_INFORMATION_FORMAT = dwarf;
				ENABLE_STRICT_OBJC_MSGSEND = YES;
				ENABLE_TESTABILITY = YES;
				GCC_C_LANGUAGE_STANDARD = gnu11;
				GCC_DYNAMIC_NO_PIC = NO;
				GCC_NO_COMMON_BLOCKS = YES;
				GCC_OPTIMIZATION_LEVEL = 0;
				GCC_PREPROCESSOR_DEFINITIONS = (
					"DEBUG=1",
					"$(inherited)",
				);
				GCC_WARN_64_TO_32_BIT_CONVERSION = YES;
				GCC_WARN_ABOUT_RETURN_TYPE = YES_ERROR;
				GCC_WARN_UNDECLARED_SELECTOR = YES;
				GCC_WARN_UNINITIALIZED_AUTOS = YES_AGGRESSIVE;
				GCC_WARN_UNUSED_FUNCTION = YES;
				GCC_WARN_UNUSED_VARIABLE = YES;
				IPHONEOS_DEPLOYMENT_TARGET = 16.1;
				MTL_ENABLE_DEBUG_INFO = INCLUDE_SOURCE;
				MTL_FAST_MATH = YES;
				ONLY_ACTIVE_ARCH = YES;
				SDKROOT = iphoneos;
				SWIFT_ACTIVE_COMPILATION_CONDITIONS = DEBUG;
				SWIFT_OPTIMIZATION_LEVEL = "-Onone";
				VERSIONING_SYSTEM = "apple-generic";
				VERSION_INFO_PREFIX = "";
			};
			name = Debug;
		};
		A41DA21F2A15630400E3AB98 /* Release */ = {
			isa = XCBuildConfiguration;
			buildSettings = {
				ALWAYS_SEARCH_USER_PATHS = NO;
				CLANG_ANALYZER_NONNULL = YES;
				CLANG_ANALYZER_NUMBER_OBJECT_CONVERSION = YES_AGGRESSIVE;
				CLANG_CXX_LANGUAGE_STANDARD = "gnu++20";
				CLANG_ENABLE_MODULES = YES;
				CLANG_ENABLE_OBJC_ARC = YES;
				CLANG_ENABLE_OBJC_WEAK = YES;
				CLANG_WARN_BLOCK_CAPTURE_AUTORELEASING = YES;
				CLANG_WARN_BOOL_CONVERSION = YES;
				CLANG_WARN_COMMA = YES;
				CLANG_WARN_CONSTANT_CONVERSION = YES;
				CLANG_WARN_DEPRECATED_OBJC_IMPLEMENTATIONS = YES;
				CLANG_WARN_DIRECT_OBJC_ISA_USAGE = YES_ERROR;
				CLANG_WARN_DOCUMENTATION_COMMENTS = YES;
				CLANG_WARN_EMPTY_BODY = YES;
				CLANG_WARN_ENUM_CONVERSION = YES;
				CLANG_WARN_INFINITE_RECURSION = YES;
				CLANG_WARN_INT_CONVERSION = YES;
				CLANG_WARN_NON_LITERAL_NULL_CONVERSION = YES;
				CLANG_WARN_OBJC_IMPLICIT_RETAIN_SELF = YES;
				CLANG_WARN_OBJC_LITERAL_CONVERSION = YES;
				CLANG_WARN_OBJC_ROOT_CLASS = YES_ERROR;
				CLANG_WARN_QUOTED_INCLUDE_IN_FRAMEWORK_HEADER = YES;
				CLANG_WARN_RANGE_LOOP_ANALYSIS = YES;
				CLANG_WARN_STRICT_PROTOTYPES = YES;
				CLANG_WARN_SUSPICIOUS_MOVE = YES;
				CLANG_WARN_UNGUARDED_AVAILABILITY = YES_AGGRESSIVE;
				CLANG_WARN_UNREACHABLE_CODE = YES;
				CLANG_WARN__DUPLICATE_METHOD_MATCH = YES;
				COPY_PHASE_STRIP = NO;
				CURRENT_PROJECT_VERSION = 1;
				DEBUG_INFORMATION_FORMAT = "dwarf-with-dsym";
				ENABLE_NS_ASSERTIONS = NO;
				ENABLE_STRICT_OBJC_MSGSEND = YES;
				GCC_C_LANGUAGE_STANDARD = gnu11;
				GCC_NO_COMMON_BLOCKS = YES;
				GCC_WARN_64_TO_32_BIT_CONVERSION = YES;
				GCC_WARN_ABOUT_RETURN_TYPE = YES_ERROR;
				GCC_WARN_UNDECLARED_SELECTOR = YES;
				GCC_WARN_UNINITIALIZED_AUTOS = YES_AGGRESSIVE;
				GCC_WARN_UNUSED_FUNCTION = YES;
				GCC_WARN_UNUSED_VARIABLE = YES;
				IPHONEOS_DEPLOYMENT_TARGET = 16.1;
				MTL_ENABLE_DEBUG_INFO = NO;
				MTL_FAST_MATH = YES;
				SDKROOT = iphoneos;
				SWIFT_COMPILATION_MODE = wholemodule;
				SWIFT_OPTIMIZATION_LEVEL = "-O";
				VALIDATE_PRODUCT = YES;
				VERSIONING_SYSTEM = "apple-generic";
				VERSION_INFO_PREFIX = "";
			};
			name = Release;
		};
		A41DA2212A15630400E3AB98 /* Debug */ = {
			isa = XCBuildConfiguration;
			buildSettings = {
				CODE_SIGN_STYLE = Automatic;
				CURRENT_PROJECT_VERSION = 1;
				DEFINES_MODULE = YES;
				DYLIB_COMPATIBILITY_VERSION = 1;
				DYLIB_CURRENT_VERSION = 1;
				DYLIB_INSTALL_NAME_BASE = "@rpath";
				GENERATE_INFOPLIST_FILE = YES;
				INFOPLIST_KEY_NSHumanReadableCopyright = "";
				INSTALL_PATH = "$(LOCAL_LIBRARY_DIR)/Frameworks";
				LD_RUNPATH_SEARCH_PATHS = (
					"$(inherited)",
					"@executable_path/Frameworks",
					"@loader_path/Frameworks",
				);
				MARKETING_VERSION = 1.0;
				PRODUCT_BUNDLE_IDENTIFIER = jessica.com.AppData;
				PRODUCT_NAME = "$(TARGET_NAME:c99extidentifier)";
				SKIP_INSTALL = YES;
				SWIFT_EMIT_LOC_STRINGS = YES;
				SWIFT_VERSION = 5.0;
				TARGETED_DEVICE_FAMILY = "1,2";
			};
			name = Debug;
		};
		A41DA2222A15630400E3AB98 /* Release */ = {
			isa = XCBuildConfiguration;
			buildSettings = {
				CODE_SIGN_STYLE = Automatic;
				CURRENT_PROJECT_VERSION = 1;
				DEFINES_MODULE = YES;
				DYLIB_COMPATIBILITY_VERSION = 1;
				DYLIB_CURRENT_VERSION = 1;
				DYLIB_INSTALL_NAME_BASE = "@rpath";
				GENERATE_INFOPLIST_FILE = YES;
				INFOPLIST_KEY_NSHumanReadableCopyright = "";
				INSTALL_PATH = "$(LOCAL_LIBRARY_DIR)/Frameworks";
				LD_RUNPATH_SEARCH_PATHS = (
					"$(inherited)",
					"@executable_path/Frameworks",
					"@loader_path/Frameworks",
				);
				MARKETING_VERSION = 1.0;
				PRODUCT_BUNDLE_IDENTIFIER = jessica.com.AppData;
				PRODUCT_NAME = "$(TARGET_NAME:c99extidentifier)";
				SKIP_INSTALL = YES;
				SWIFT_EMIT_LOC_STRINGS = YES;
				SWIFT_VERSION = 5.0;
				TARGETED_DEVICE_FAMILY = "1,2";
			};
			name = Release;
		};
		A41DA2242A15630400E3AB98 /* Debug */ = {
			isa = XCBuildConfiguration;
			buildSettings = {
				ALWAYS_EMBED_SWIFT_STANDARD_LIBRARIES = YES;
				CODE_SIGN_STYLE = Automatic;
				CURRENT_PROJECT_VERSION = 1;
				GENERATE_INFOPLIST_FILE = YES;
				MARKETING_VERSION = 1.0;
				PRODUCT_BUNDLE_IDENTIFIER = jessica.com.AppDataTests;
				PRODUCT_NAME = "$(TARGET_NAME)";
				SWIFT_EMIT_LOC_STRINGS = NO;
				SWIFT_VERSION = 5.0;
				TARGETED_DEVICE_FAMILY = "1,2";
			};
			name = Debug;
		};
		A41DA2252A15630400E3AB98 /* Release */ = {
			isa = XCBuildConfiguration;
			buildSettings = {
				ALWAYS_EMBED_SWIFT_STANDARD_LIBRARIES = YES;
				CODE_SIGN_STYLE = Automatic;
				CURRENT_PROJECT_VERSION = 1;
				GENERATE_INFOPLIST_FILE = YES;
				MARKETING_VERSION = 1.0;
				PRODUCT_BUNDLE_IDENTIFIER = jessica.com.AppDataTests;
				PRODUCT_NAME = "$(TARGET_NAME)";
				SWIFT_EMIT_LOC_STRINGS = NO;
				SWIFT_VERSION = 5.0;
				TARGETED_DEVICE_FAMILY = "1,2";
			};
			name = Release;
		};
/* End XCBuildConfiguration section */

/* Begin XCConfigurationList section */
		A41DA2062A15630400E3AB98 /* Build configuration list for PBXProject "AppData" */ = {
			isa = XCConfigurationList;
			buildConfigurations = (
				A41DA21E2A15630400E3AB98 /* Debug */,
				A41DA21F2A15630400E3AB98 /* Release */,
			);
			defaultConfigurationIsVisible = 0;
			defaultConfigurationName = Release;
		};
		A41DA2202A15630400E3AB98 /* Build configuration list for PBXNativeTarget "AppData" */ = {
			isa = XCConfigurationList;
			buildConfigurations = (
				A41DA2212A15630400E3AB98 /* Debug */,
				A41DA2222A15630400E3AB98 /* Release */,
			);
			defaultConfigurationIsVisible = 0;
			defaultConfigurationName = Release;
		};
		A41DA2232A15630400E3AB98 /* Build configuration list for PBXNativeTarget "AppDataTests" */ = {
			isa = XCConfigurationList;
			buildConfigurations = (
				A41DA2242A15630400E3AB98 /* Debug */,
				A41DA2252A15630400E3AB98 /* Release */,
			);
			defaultConfigurationIsVisible = 0;
			defaultConfigurationName = Release;
		};
/* End XCConfigurationList section */
	};
	rootObject = A41DA2032A15630400E3AB98 /* Project object */;
}
