// !$*UTF8*$!
{
	archiveVersion = 1;
	classes = {
	};
	objectVersion = 56;
	objects = {

/* Begin PBXBuildFile section */
		A40D049C2A156C3A004F42ED /* Localizable.strings in Resources */ = {isa = PBXBuildFile; fileRef = A40D049B2A156C3A004F42ED /* Localizable.strings */; };
		A40D04A02A156C62004F42ED /* AppCoordinator.swift in Sources */ = {isa = PBXBuildFile; fileRef = A40D049F2A156C62004F42ED /* AppCoordinator.swift */; };
		A40D04A42A156C75004F42ED /* CreateAccountCoordinator.swift in Sources */ = {isa = PBXBuildFile; fileRef = A40D04A12A156C75004F42ED /* CreateAccountCoordinator.swift */; };
		A40D04A52A156C75004F42ED /* CreateAccountView.swift in Sources */ = {isa = PBXBuildFile; fileRef = A40D04A22A156C75004F42ED /* CreateAccountView.swift */; };
		A40D04A62A156C75004F42ED /* CreateAccountViewModel.swift in Sources */ = {isa = PBXBuildFile; fileRef = A40D04A32A156C75004F42ED /* CreateAccountViewModel.swift */; };
		A40D04AA2A156C87004F42ED /* LoginView.swift in Sources */ = {isa = PBXBuildFile; fileRef = A40D04A72A156C86004F42ED /* LoginView.swift */; };
		A40D04AB2A156C87004F42ED /* LoginViewModel.swift in Sources */ = {isa = PBXBuildFile; fileRef = A40D04A82A156C86004F42ED /* LoginViewModel.swift */; };
		A40D04AC2A156C87004F42ED /* LoginCoordinator.swift in Sources */ = {isa = PBXBuildFile; fileRef = A40D04A92A156C87004F42ED /* LoginCoordinator.swift */; };
		A40D04B12A156C9E004F42ED /* LoginCoordinating.swift in Sources */ = {isa = PBXBuildFile; fileRef = A40D04AF2A156C9E004F42ED /* LoginCoordinating.swift */; };
		A40D04B22A156C9E004F42ED /* LoginModelling.swift in Sources */ = {isa = PBXBuildFile; fileRef = A40D04B02A156C9E004F42ED /* LoginModelling.swift */; };
		A40D04B42A156CA5004F42ED /* LoginAuthenticationModel.swift in Sources */ = {isa = PBXBuildFile; fileRef = A40D04B32A156CA5004F42ED /* LoginAuthenticationModel.swift */; };
		A40D04BA2A156CC3004F42ED /* CreateAccountCoordinating.swift in Sources */ = {isa = PBXBuildFile; fileRef = A40D04B82A156CC3004F42ED /* CreateAccountCoordinating.swift */; };
		A40D04BC2A156CC9004F42ED /* CreateAccountModel.swift in Sources */ = {isa = PBXBuildFile; fileRef = A40D04BB2A156CC9004F42ED /* CreateAccountModel.swift */; };
		A40D04C22A156CF1004F42ED /* EmailTextField.swift in Sources */ = {isa = PBXBuildFile; fileRef = A40D04BD2A156CF1004F42ED /* EmailTextField.swift */; };
		A40D04C32A156CF1004F42ED /* String.swift in Sources */ = {isa = PBXBuildFile; fileRef = A40D04BE2A156CF1004F42ED /* String.swift */; };
		A40D04C42A156CF1004F42ED /* NameTextField.swift in Sources */ = {isa = PBXBuildFile; fileRef = A40D04BF2A156CF1004F42ED /* NameTextField.swift */; };
		A40D04C52A156CF1004F42ED /* PasswordTextField.swift in Sources */ = {isa = PBXBuildFile; fileRef = A40D04C02A156CF1004F42ED /* PasswordTextField.swift */; };
		A40D04C62A156CF1004F42ED /* ImagePicker.swift in Sources */ = {isa = PBXBuildFile; fileRef = A40D04C12A156CF1004F42ED /* ImagePicker.swift */; };
		A40D04CA2A156CFE004F42ED /* DependencyFactory.swift in Sources */ = {isa = PBXBuildFile; fileRef = A40D04C72A156CFE004F42ED /* DependencyFactory.swift */; };
		A40D04CB2A156CFE004F42ED /* L10n.swift in Sources */ = {isa = PBXBuildFile; fileRef = A40D04C82A156CFE004F42ED /* L10n.swift */; };
		A40D04CC2A156CFE004F42ED /* CoordinatorFactory.swift in Sources */ = {isa = PBXBuildFile; fileRef = A40D04C92A156CFE004F42ED /* CoordinatorFactory.swift */; };
		A41DA2E92A15638300E3AB98 /* Features.docc in Sources */ = {isa = PBXBuildFile; fileRef = A41DA2E82A15638300E3AB98 /* Features.docc */; };
		A41DA2EF2A15638300E3AB98 /* Features.framework in Frameworks */ = {isa = PBXBuildFile; fileRef = A41DA2E42A15638300E3AB98 /* Features.framework */; };
		A41DA2F42A15638300E3AB98 /* MockLoginCoordinator.swift in Sources */ = {isa = PBXBuildFile; fileRef = A41DA2F32A15638300E3AB98 /* MockLoginCoordinator.swift */; };
		A41DA2F52A15638300E3AB98 /* Features.h in Headers */ = {isa = PBXBuildFile; fileRef = A41DA2E72A15638300E3AB98 /* Features.h */; settings = {ATTRIBUTES = (Public, ); }; };
		A42A3B852A27B56B00CDFC59 /* CreateAccountTests.swift in Sources */ = {isa = PBXBuildFile; fileRef = A42A3B842A27B56B00CDFC59 /* CreateAccountTests.swift */; };
		A42A3B872A27B5AE00CDFC59 /* MockCreateAccountCoordinator.swift in Sources */ = {isa = PBXBuildFile; fileRef = A42A3B862A27B5AE00CDFC59 /* MockCreateAccountCoordinator.swift */; };
		A42A3B892A27B5C500CDFC59 /* MockCreateAccountUseCase.swift in Sources */ = {isa = PBXBuildFile; fileRef = A42A3B882A27B5C500CDFC59 /* MockCreateAccountUseCase.swift */; };
		A43311412A2E610B008B6DB6 /* ProfileView.swift in Sources */ = {isa = PBXBuildFile; fileRef = A43311402A2E610B008B6DB6 /* ProfileView.swift */; };
		A43311432A2E612E008B6DB6 /* ProfileViewModel.swift in Sources */ = {isa = PBXBuildFile; fileRef = A43311422A2E612E008B6DB6 /* ProfileViewModel.swift */; };
		A43311452A2E613B008B6DB6 /* ProfileViewCoordinator.swift in Sources */ = {isa = PBXBuildFile; fileRef = A43311442A2E613B008B6DB6 /* ProfileViewCoordinator.swift */; };
		A43311482A2E615B008B6DB6 /* ProfileCoordinating.swift in Sources */ = {isa = PBXBuildFile; fileRef = A43311472A2E615B008B6DB6 /* ProfileCoordinating.swift */; };
		A433114A2A2E6174008B6DB6 /* ProfileModelling.swift in Sources */ = {isa = PBXBuildFile; fileRef = A43311492A2E6174008B6DB6 /* ProfileModelling.swift */; };
		A433114D2A2E6190008B6DB6 /* Profile.swift in Sources */ = {isa = PBXBuildFile; fileRef = A433114C2A2E6190008B6DB6 /* Profile.swift */; };
		A43311502A2F6F25008B6DB6 /* TabBarCoordinator.swift in Sources */ = {isa = PBXBuildFile; fileRef = A433114F2A2F6F25008B6DB6 /* TabBarCoordinator.swift */; };
		A474A3312A168CD4008F6540 /* Common.framework in Frameworks */ = {isa = PBXBuildFile; fileRef = A474A32F2A168CD4008F6540 /* Common.framework */; };
		A474A3322A168CD4008F6540 /* Common.framework in Embed Frameworks */ = {isa = PBXBuildFile; fileRef = A474A32F2A168CD4008F6540 /* Common.framework */; settings = {ATTRIBUTES = (CodeSignOnCopy, RemoveHeadersOnCopy, ); }; };
		A474A3332A168CD4008F6540 /* Domain.framework in Frameworks */ = {isa = PBXBuildFile; fileRef = A474A3302A168CD4008F6540 /* Domain.framework */; };
		A474A3342A168CD4008F6540 /* Domain.framework in Embed Frameworks */ = {isa = PBXBuildFile; fileRef = A474A3302A168CD4008F6540 /* Domain.framework */; settings = {ATTRIBUTES = (CodeSignOnCopy, RemoveHeadersOnCopy, ); }; };
		A4A685B12A1D46DB003E97EA /* CreateAccountModelling.swift in Sources */ = {isa = PBXBuildFile; fileRef = A4A685B02A1D46DB003E97EA /* CreateAccountModelling.swift */; };
		A4A685B32A1D474B003E97EA /* ViewModelFactory.swift in Sources */ = {isa = PBXBuildFile; fileRef = A4A685B22A1D474B003E97EA /* ViewModelFactory.swift */; };
		A4A685E12A1E77D6003E97EA /* AccountValidator.swift in Sources */ = {isa = PBXBuildFile; fileRef = A4A685E02A1E77D6003E97EA /* AccountValidator.swift */; };
		A4BC905A2A266F8300859CCA /* Swinject in Frameworks */ = {isa = PBXBuildFile; productRef = A4BC90592A266F8300859CCA /* Swinject */; };
		A4BC905D2A266FAC00859CCA /* SwinjectAutoregistration in Frameworks */ = {isa = PBXBuildFile; productRef = A4BC905C2A266FAC00859CCA /* SwinjectAutoregistration */; };
		A4DB65132A2523A600A699FB /* MockLoginUseCase.swift in Sources */ = {isa = PBXBuildFile; fileRef = A4DB65122A2523A600A699FB /* MockLoginUseCase.swift */; };
		A4DB65152A2523EA00A699FB /* LoginViewModelTests.swift in Sources */ = {isa = PBXBuildFile; fileRef = A4DB65142A2523EA00A699FB /* LoginViewModelTests.swift */; };
/* End PBXBuildFile section */

/* Begin PBXContainerItemProxy section */
		A41DA2F02A15638300E3AB98 /* PBXContainerItemProxy */ = {
			isa = PBXContainerItemProxy;
			containerPortal = A41DA2DB2A15638300E3AB98 /* Project object */;
			proxyType = 1;
			remoteGlobalIDString = A41DA2E32A15638300E3AB98;
			remoteInfo = Features;
		};
/* End PBXContainerItemProxy section */

/* Begin PBXCopyFilesBuildPhase section */
		A474A3352A168CD4008F6540 /* Embed Frameworks */ = {
			isa = PBXCopyFilesBuildPhase;
			buildActionMask = 2147483647;
			dstPath = "";
			dstSubfolderSpec = 10;
			files = (
				A474A3342A168CD4008F6540 /* Domain.framework in Embed Frameworks */,
				A474A3322A168CD4008F6540 /* Common.framework in Embed Frameworks */,
			);
			name = "Embed Frameworks";
			runOnlyForDeploymentPostprocessing = 0;
		};
/* End PBXCopyFilesBuildPhase section */

/* Begin PBXFileReference section */
		A40D049B2A156C3A004F42ED /* Localizable.strings */ = {isa = PBXFileReference; fileEncoding = 4; lastKnownFileType = text.plist.strings; path = Localizable.strings; sourceTree = "<group>"; };
		A40D049F2A156C62004F42ED /* AppCoordinator.swift */ = {isa = PBXFileReference; fileEncoding = 4; lastKnownFileType = sourcecode.swift; path = AppCoordinator.swift; sourceTree = "<group>"; };
		A40D04A12A156C75004F42ED /* CreateAccountCoordinator.swift */ = {isa = PBXFileReference; fileEncoding = 4; lastKnownFileType = sourcecode.swift; path = CreateAccountCoordinator.swift; sourceTree = "<group>"; };
		A40D04A22A156C75004F42ED /* CreateAccountView.swift */ = {isa = PBXFileReference; fileEncoding = 4; lastKnownFileType = sourcecode.swift; path = CreateAccountView.swift; sourceTree = "<group>"; };
		A40D04A32A156C75004F42ED /* CreateAccountViewModel.swift */ = {isa = PBXFileReference; fileEncoding = 4; lastKnownFileType = sourcecode.swift; path = CreateAccountViewModel.swift; sourceTree = "<group>"; };
		A40D04A72A156C86004F42ED /* LoginView.swift */ = {isa = PBXFileReference; fileEncoding = 4; lastKnownFileType = sourcecode.swift; path = LoginView.swift; sourceTree = "<group>"; };
		A40D04A82A156C86004F42ED /* LoginViewModel.swift */ = {isa = PBXFileReference; fileEncoding = 4; lastKnownFileType = sourcecode.swift; path = LoginViewModel.swift; sourceTree = "<group>"; };
		A40D04A92A156C87004F42ED /* LoginCoordinator.swift */ = {isa = PBXFileReference; fileEncoding = 4; lastKnownFileType = sourcecode.swift; path = LoginCoordinator.swift; sourceTree = "<group>"; };
		A40D04AF2A156C9E004F42ED /* LoginCoordinating.swift */ = {isa = PBXFileReference; fileEncoding = 4; lastKnownFileType = sourcecode.swift; path = LoginCoordinating.swift; sourceTree = "<group>"; };
		A40D04B02A156C9E004F42ED /* LoginModelling.swift */ = {isa = PBXFileReference; fileEncoding = 4; lastKnownFileType = sourcecode.swift; path = LoginModelling.swift; sourceTree = "<group>"; };
		A40D04B32A156CA5004F42ED /* LoginAuthenticationModel.swift */ = {isa = PBXFileReference; fileEncoding = 4; lastKnownFileType = sourcecode.swift; path = LoginAuthenticationModel.swift; sourceTree = "<group>"; };
		A40D04B82A156CC3004F42ED /* CreateAccountCoordinating.swift */ = {isa = PBXFileReference; fileEncoding = 4; lastKnownFileType = sourcecode.swift; path = CreateAccountCoordinating.swift; sourceTree = "<group>"; };
		A40D04BB2A156CC9004F42ED /* CreateAccountModel.swift */ = {isa = PBXFileReference; fileEncoding = 4; lastKnownFileType = sourcecode.swift; path = CreateAccountModel.swift; sourceTree = "<group>"; };
		A40D04BD2A156CF1004F42ED /* EmailTextField.swift */ = {isa = PBXFileReference; fileEncoding = 4; lastKnownFileType = sourcecode.swift; path = EmailTextField.swift; sourceTree = "<group>"; };
		A40D04BE2A156CF1004F42ED /* String.swift */ = {isa = PBXFileReference; fileEncoding = 4; lastKnownFileType = sourcecode.swift; path = String.swift; sourceTree = "<group>"; };
		A40D04BF2A156CF1004F42ED /* NameTextField.swift */ = {isa = PBXFileReference; fileEncoding = 4; lastKnownFileType = sourcecode.swift; path = NameTextField.swift; sourceTree = "<group>"; };
		A40D04C02A156CF1004F42ED /* PasswordTextField.swift */ = {isa = PBXFileReference; fileEncoding = 4; lastKnownFileType = sourcecode.swift; path = PasswordTextField.swift; sourceTree = "<group>"; };
		A40D04C12A156CF1004F42ED /* ImagePicker.swift */ = {isa = PBXFileReference; fileEncoding = 4; lastKnownFileType = sourcecode.swift; path = ImagePicker.swift; sourceTree = "<group>"; };
		A40D04C72A156CFE004F42ED /* DependencyFactory.swift */ = {isa = PBXFileReference; fileEncoding = 4; lastKnownFileType = sourcecode.swift; path = DependencyFactory.swift; sourceTree = "<group>"; };
		A40D04C82A156CFE004F42ED /* L10n.swift */ = {isa = PBXFileReference; fileEncoding = 4; lastKnownFileType = sourcecode.swift; path = L10n.swift; sourceTree = "<group>"; };
		A40D04C92A156CFE004F42ED /* CoordinatorFactory.swift */ = {isa = PBXFileReference; fileEncoding = 4; lastKnownFileType = sourcecode.swift; path = CoordinatorFactory.swift; sourceTree = "<group>"; };
		A41DA2E42A15638300E3AB98 /* Features.framework */ = {isa = PBXFileReference; explicitFileType = wrapper.framework; includeInIndex = 0; path = Features.framework; sourceTree = BUILT_PRODUCTS_DIR; };
		A41DA2E72A15638300E3AB98 /* Features.h */ = {isa = PBXFileReference; lastKnownFileType = sourcecode.c.h; path = Features.h; sourceTree = "<group>"; };
		A41DA2E82A15638300E3AB98 /* Features.docc */ = {isa = PBXFileReference; lastKnownFileType = folder.documentationcatalog; path = Features.docc; sourceTree = "<group>"; };
		A41DA2EE2A15638300E3AB98 /* FeaturesTests.xctest */ = {isa = PBXFileReference; explicitFileType = wrapper.cfbundle; includeInIndex = 0; path = FeaturesTests.xctest; sourceTree = BUILT_PRODUCTS_DIR; };
		A41DA2F32A15638300E3AB98 /* MockLoginCoordinator.swift */ = {isa = PBXFileReference; lastKnownFileType = sourcecode.swift; path = MockLoginCoordinator.swift; sourceTree = "<group>"; };
		A42A3B842A27B56B00CDFC59 /* CreateAccountTests.swift */ = {isa = PBXFileReference; lastKnownFileType = sourcecode.swift; path = CreateAccountTests.swift; sourceTree = "<group>"; };
		A42A3B862A27B5AE00CDFC59 /* MockCreateAccountCoordinator.swift */ = {isa = PBXFileReference; lastKnownFileType = sourcecode.swift; path = MockCreateAccountCoordinator.swift; sourceTree = "<group>"; };
		A42A3B882A27B5C500CDFC59 /* MockCreateAccountUseCase.swift */ = {isa = PBXFileReference; lastKnownFileType = sourcecode.swift; path = MockCreateAccountUseCase.swift; sourceTree = "<group>"; };
		A43311402A2E610B008B6DB6 /* ProfileView.swift */ = {isa = PBXFileReference; lastKnownFileType = sourcecode.swift; path = ProfileView.swift; sourceTree = "<group>"; };
		A43311422A2E612E008B6DB6 /* ProfileViewModel.swift */ = {isa = PBXFileReference; lastKnownFileType = sourcecode.swift; path = ProfileViewModel.swift; sourceTree = "<group>"; };
		A43311442A2E613B008B6DB6 /* ProfileViewCoordinator.swift */ = {isa = PBXFileReference; lastKnownFileType = sourcecode.swift; path = ProfileViewCoordinator.swift; sourceTree = "<group>"; };
		A43311472A2E615B008B6DB6 /* ProfileCoordinating.swift */ = {isa = PBXFileReference; lastKnownFileType = sourcecode.swift; path = ProfileCoordinating.swift; sourceTree = "<group>"; };
		A43311492A2E6174008B6DB6 /* ProfileModelling.swift */ = {isa = PBXFileReference; lastKnownFileType = sourcecode.swift; path = ProfileModelling.swift; sourceTree = "<group>"; };
		A433114C2A2E6190008B6DB6 /* Profile.swift */ = {isa = PBXFileReference; lastKnownFileType = sourcecode.swift; path = Profile.swift; sourceTree = "<group>"; };
		A433114F2A2F6F25008B6DB6 /* TabBarCoordinator.swift */ = {isa = PBXFileReference; lastKnownFileType = sourcecode.swift; path = TabBarCoordinator.swift; sourceTree = "<group>"; };
		A474A32F2A168CD4008F6540 /* Common.framework */ = {isa = PBXFileReference; explicitFileType = wrapper.framework; path = Common.framework; sourceTree = BUILT_PRODUCTS_DIR; };
		A474A3302A168CD4008F6540 /* Domain.framework */ = {isa = PBXFileReference; explicitFileType = wrapper.framework; path = Domain.framework; sourceTree = BUILT_PRODUCTS_DIR; };
		A4A685B02A1D46DB003E97EA /* CreateAccountModelling.swift */ = {isa = PBXFileReference; fileEncoding = 4; lastKnownFileType = sourcecode.swift; path = CreateAccountModelling.swift; sourceTree = "<group>"; };
		A4A685B22A1D474B003E97EA /* ViewModelFactory.swift */ = {isa = PBXFileReference; fileEncoding = 4; lastKnownFileType = sourcecode.swift; path = ViewModelFactory.swift; sourceTree = "<group>"; };
		A4A685E02A1E77D6003E97EA /* AccountValidator.swift */ = {isa = PBXFileReference; lastKnownFileType = sourcecode.swift; path = AccountValidator.swift; sourceTree = "<group>"; };
		A4DB65122A2523A600A699FB /* MockLoginUseCase.swift */ = {isa = PBXFileReference; lastKnownFileType = sourcecode.swift; path = MockLoginUseCase.swift; sourceTree = "<group>"; };
		A4DB65142A2523EA00A699FB /* LoginViewModelTests.swift */ = {isa = PBXFileReference; lastKnownFileType = sourcecode.swift; path = LoginViewModelTests.swift; sourceTree = "<group>"; };
/* End PBXFileReference section */

/* Begin PBXFrameworksBuildPhase section */
		A41DA2E12A15638300E3AB98 /* Frameworks */ = {
			isa = PBXFrameworksBuildPhase;
			buildActionMask = 2147483647;
			files = (
				A474A3332A168CD4008F6540 /* Domain.framework in Frameworks */,
				A474A3312A168CD4008F6540 /* Common.framework in Frameworks */,
				A4BC905A2A266F8300859CCA /* Swinject in Frameworks */,
				A4BC905D2A266FAC00859CCA /* SwinjectAutoregistration in Frameworks */,
			);
			runOnlyForDeploymentPostprocessing = 0;
		};
		A41DA2EB2A15638300E3AB98 /* Frameworks */ = {
			isa = PBXFrameworksBuildPhase;
			buildActionMask = 2147483647;
			files = (
				A41DA2EF2A15638300E3AB98 /* Features.framework in Frameworks */,
			);
			runOnlyForDeploymentPostprocessing = 0;
		};
/* End PBXFrameworksBuildPhase section */

/* Begin PBXGroup section */
		A40D04962A156BFA004F42ED /* Sources */ = {
			isa = PBXGroup;
			children = (
				A40D04992A156C1A004F42ED /* Features */,
				A40D04972A156C01004F42ED /* Utils */,
				A40D04982A156C08004F42ED /* Components */,
				A40D049A2A156C25004F42ED /* Resources */,
				A40D049F2A156C62004F42ED /* AppCoordinator.swift */,
			);
			path = Sources;
			sourceTree = "<group>";
		};
		A40D04972A156C01004F42ED /* Utils */ = {
			isa = PBXGroup;
			children = (
				A4A685B22A1D474B003E97EA /* ViewModelFactory.swift */,
				A40D04C92A156CFE004F42ED /* CoordinatorFactory.swift */,
				A40D04C72A156CFE004F42ED /* DependencyFactory.swift */,
				A40D04C82A156CFE004F42ED /* L10n.swift */,
			);
			path = Utils;
			sourceTree = "<group>";
		};
		A40D04982A156C08004F42ED /* Components */ = {
			isa = PBXGroup;
			children = (
				A40D04BD2A156CF1004F42ED /* EmailTextField.swift */,
				A40D04C12A156CF1004F42ED /* ImagePicker.swift */,
				A40D04BF2A156CF1004F42ED /* NameTextField.swift */,
				A40D04C02A156CF1004F42ED /* PasswordTextField.swift */,
				A40D04BE2A156CF1004F42ED /* String.swift */,
				A4A685E02A1E77D6003E97EA /* AccountValidator.swift */,
			);
			path = Components;
			sourceTree = "<group>";
		};
		A40D04992A156C1A004F42ED /* Features */ = {
			isa = PBXGroup;
			children = (
				A433114E2A2F6EED008B6DB6 /* TabBar */,
				A42A3B8A2A2E5FC000CDFC59 /* Profile */,
				A40D049D2A156C49004F42ED /* CreateAccount */,
				A40D049E2A156C55004F42ED /* Login */,
			);
			path = Features;
			sourceTree = "<group>";
		};
		A40D049A2A156C25004F42ED /* Resources */ = {
			isa = PBXGroup;
			children = (
				A40D049B2A156C3A004F42ED /* Localizable.strings */,
			);
			path = Resources;
			sourceTree = "<group>";
		};
		A40D049D2A156C49004F42ED /* CreateAccount */ = {
			isa = PBXGroup;
			children = (
				A40D04B62A156CB3004F42ED /* Models */,
				A40D04B52A156CAB004F42ED /* Protocols */,
				A40D04A12A156C75004F42ED /* CreateAccountCoordinator.swift */,
				A40D04A22A156C75004F42ED /* CreateAccountView.swift */,
				A40D04A32A156C75004F42ED /* CreateAccountViewModel.swift */,
			);
			path = CreateAccount;
			sourceTree = "<group>";
		};
		A40D049E2A156C55004F42ED /* Login */ = {
			isa = PBXGroup;
			children = (
				A40D04AE2A156C95004F42ED /* Models */,
				A40D04AD2A156C8A004F42ED /* Protocols */,
				A40D04A92A156C87004F42ED /* LoginCoordinator.swift */,
				A40D04A72A156C86004F42ED /* LoginView.swift */,
				A40D04A82A156C86004F42ED /* LoginViewModel.swift */,
			);
			path = Login;
			sourceTree = "<group>";
		};
		A40D04AD2A156C8A004F42ED /* Protocols */ = {
			isa = PBXGroup;
			children = (
				A40D04AF2A156C9E004F42ED /* LoginCoordinating.swift */,
				A40D04B02A156C9E004F42ED /* LoginModelling.swift */,
			);
			path = Protocols;
			sourceTree = "<group>";
		};
		A40D04AE2A156C95004F42ED /* Models */ = {
			isa = PBXGroup;
			children = (
				A40D04B32A156CA5004F42ED /* LoginAuthenticationModel.swift */,
			);
			path = Models;
			sourceTree = "<group>";
		};
		A40D04B52A156CAB004F42ED /* Protocols */ = {
			isa = PBXGroup;
			children = (
				A40D04B82A156CC3004F42ED /* CreateAccountCoordinating.swift */,
				A4A685B02A1D46DB003E97EA /* CreateAccountModelling.swift */,
			);
			path = Protocols;
			sourceTree = "<group>";
		};
		A40D04B62A156CB3004F42ED /* Models */ = {
			isa = PBXGroup;
			children = (
				A40D04BB2A156CC9004F42ED /* CreateAccountModel.swift */,
			);
			path = Models;
			sourceTree = "<group>";
		};
		A41DA2DA2A15638300E3AB98 = {
			isa = PBXGroup;
			children = (
				A41DA2E62A15638300E3AB98 /* Features */,
				A41DA2F22A15638300E3AB98 /* FeaturesTests */,
				A41DA2E52A15638300E3AB98 /* Products */,
				A474A32E2A168CD4008F6540 /* Frameworks */,
			);
			sourceTree = "<group>";
		};
		A41DA2E52A15638300E3AB98 /* Products */ = {
			isa = PBXGroup;
			children = (
				A41DA2E42A15638300E3AB98 /* Features.framework */,
				A41DA2EE2A15638300E3AB98 /* FeaturesTests.xctest */,
			);
			name = Products;
			sourceTree = "<group>";
		};
		A41DA2E62A15638300E3AB98 /* Features */ = {
			isa = PBXGroup;
			children = (
				A40D04962A156BFA004F42ED /* Sources */,
				A41DA2E72A15638300E3AB98 /* Features.h */,
				A41DA2E82A15638300E3AB98 /* Features.docc */,
			);
			path = Features;
			sourceTree = "<group>";
		};
		A41DA2F22A15638300E3AB98 /* FeaturesTests */ = {
			isa = PBXGroup;
			children = (
				A42A3B832A27B54400CDFC59 /* Login */,
				A42A3B822A27B52B00CDFC59 /* CreateAccount */,
			);
			path = FeaturesTests;
			sourceTree = "<group>";
		};
		A42A3B822A27B52B00CDFC59 /* CreateAccount */ = {
			isa = PBXGroup;
			children = (
				A42A3B842A27B56B00CDFC59 /* CreateAccountTests.swift */,
				A42A3B862A27B5AE00CDFC59 /* MockCreateAccountCoordinator.swift */,
				A42A3B882A27B5C500CDFC59 /* MockCreateAccountUseCase.swift */,
			);
			path = CreateAccount;
			sourceTree = "<group>";
		};
		A42A3B832A27B54400CDFC59 /* Login */ = {
			isa = PBXGroup;
			children = (
				A41DA2F32A15638300E3AB98 /* MockLoginCoordinator.swift */,
				A4DB65122A2523A600A699FB /* MockLoginUseCase.swift */,
				A4DB65142A2523EA00A699FB /* LoginViewModelTests.swift */,
			);
			path = Login;
			sourceTree = "<group>";
		};
		A42A3B8A2A2E5FC000CDFC59 /* Profile */ = {
			isa = PBXGroup;
			children = (
				A433114B2A2E6185008B6DB6 /* Models */,
				A43311462A2E6147008B6DB6 /* Protocols */,
				A43311402A2E610B008B6DB6 /* ProfileView.swift */,
				A43311422A2E612E008B6DB6 /* ProfileViewModel.swift */,
				A43311442A2E613B008B6DB6 /* ProfileViewCoordinator.swift */,
			);
			path = Profile;
			sourceTree = "<group>";
		};
		A43311462A2E6147008B6DB6 /* Protocols */ = {
			isa = PBXGroup;
			children = (
				A43311472A2E615B008B6DB6 /* ProfileCoordinating.swift */,
				A43311492A2E6174008B6DB6 /* ProfileModelling.swift */,
			);
			path = Protocols;
			sourceTree = "<group>";
		};
		A433114B2A2E6185008B6DB6 /* Models */ = {
			isa = PBXGroup;
			children = (
				A433114C2A2E6190008B6DB6 /* Profile.swift */,
			);
			path = Models;
			sourceTree = "<group>";
		};
		A433114E2A2F6EED008B6DB6 /* TabBar */ = {
			isa = PBXGroup;
			children = (
				A433114F2A2F6F25008B6DB6 /* TabBarCoordinator.swift */,
			);
			path = TabBar;
			sourceTree = "<group>";
		};
		A474A32E2A168CD4008F6540 /* Frameworks */ = {
			isa = PBXGroup;
			children = (
				A474A32F2A168CD4008F6540 /* Common.framework */,
				A474A3302A168CD4008F6540 /* Domain.framework */,
			);
			name = Frameworks;
			sourceTree = "<group>";
		};
/* End PBXGroup section */

/* Begin PBXHeadersBuildPhase section */
		A41DA2DF2A15638300E3AB98 /* Headers */ = {
			isa = PBXHeadersBuildPhase;
			buildActionMask = 2147483647;
			files = (
				A41DA2F52A15638300E3AB98 /* Features.h in Headers */,
			);
			runOnlyForDeploymentPostprocessing = 0;
		};
/* End PBXHeadersBuildPhase section */

/* Begin PBXNativeTarget section */
		A41DA2E32A15638300E3AB98 /* Features */ = {
			isa = PBXNativeTarget;
			buildConfigurationList = A41DA2F82A15638300E3AB98 /* Build configuration list for PBXNativeTarget "Features" */;
			buildPhases = (
				A41DA2DF2A15638300E3AB98 /* Headers */,
				A41DA2E02A15638300E3AB98 /* Sources */,
				A41DA2E12A15638300E3AB98 /* Frameworks */,
				A41DA2E22A15638300E3AB98 /* Resources */,
				A474A3352A168CD4008F6540 /* Embed Frameworks */,
			);
			buildRules = (
			);
			dependencies = (
			);
			name = Features;
			packageProductDependencies = (
				A4BC90592A266F8300859CCA /* Swinject */,
				A4BC905C2A266FAC00859CCA /* SwinjectAutoregistration */,
			);
			productName = Features;
			productReference = A41DA2E42A15638300E3AB98 /* Features.framework */;
			productType = "com.apple.product-type.framework";
		};
		A41DA2ED2A15638300E3AB98 /* FeaturesTests */ = {
			isa = PBXNativeTarget;
			buildConfigurationList = A41DA2FB2A15638300E3AB98 /* Build configuration list for PBXNativeTarget "FeaturesTests" */;
			buildPhases = (
				A41DA2EA2A15638300E3AB98 /* Sources */,
				A41DA2EB2A15638300E3AB98 /* Frameworks */,
				A41DA2EC2A15638300E3AB98 /* Resources */,
			);
			buildRules = (
			);
			dependencies = (
				A41DA2F12A15638300E3AB98 /* PBXTargetDependency */,
			);
			name = FeaturesTests;
			productName = FeaturesTests;
			productReference = A41DA2EE2A15638300E3AB98 /* FeaturesTests.xctest */;
			productType = "com.apple.product-type.bundle.unit-test";
		};
/* End PBXNativeTarget section */

/* Begin PBXProject section */
		A41DA2DB2A15638300E3AB98 /* Project object */ = {
			isa = PBXProject;
			attributes = {
				BuildIndependentTargetsInParallel = 1;
				LastSwiftUpdateCheck = 1410;
				LastUpgradeCheck = 1410;
				TargetAttributes = {
					A41DA2E32A15638300E3AB98 = {
						CreatedOnToolsVersion = 14.1;
					};
					A41DA2ED2A15638300E3AB98 = {
						CreatedOnToolsVersion = 14.1;
					};
				};
			};
			buildConfigurationList = A41DA2DE2A15638300E3AB98 /* Build configuration list for PBXProject "Features" */;
			compatibilityVersion = "Xcode 14.0";
			developmentRegion = en;
			hasScannedForEncodings = 0;
			knownRegions = (
				en,
				Base,
			);
			mainGroup = A41DA2DA2A15638300E3AB98;
			packageReferences = (
				A4BC90582A266F8300859CCA /* XCRemoteSwiftPackageReference "Swinject" */,
				A4BC905B2A266FAC00859CCA /* XCRemoteSwiftPackageReference "SwinjectAutoregistration" */,
			);
			productRefGroup = A41DA2E52A15638300E3AB98 /* Products */;
			projectDirPath = "";
			projectRoot = "";
			targets = (
				A41DA2E32A15638300E3AB98 /* Features */,
				A41DA2ED2A15638300E3AB98 /* FeaturesTests */,
			);
		};
/* End PBXProject section */

/* Begin PBXResourcesBuildPhase section */
		A41DA2E22A15638300E3AB98 /* Resources */ = {
			isa = PBXResourcesBuildPhase;
			buildActionMask = 2147483647;
			files = (
				A40D049C2A156C3A004F42ED /* Localizable.strings in Resources */,
			);
			runOnlyForDeploymentPostprocessing = 0;
		};
		A41DA2EC2A15638300E3AB98 /* Resources */ = {
			isa = PBXResourcesBuildPhase;
			buildActionMask = 2147483647;
			files = (
			);
			runOnlyForDeploymentPostprocessing = 0;
		};
/* End PBXResourcesBuildPhase section */

/* Begin PBXSourcesBuildPhase section */
		A41DA2E02A15638300E3AB98 /* Sources */ = {
			isa = PBXSourcesBuildPhase;
			buildActionMask = 2147483647;
			files = (
				A43311412A2E610B008B6DB6 /* ProfileView.swift in Sources */,
				A40D04AA2A156C87004F42ED /* LoginView.swift in Sources */,
				A40D04C52A156CF1004F42ED /* PasswordTextField.swift in Sources */,
				A40D04C42A156CF1004F42ED /* NameTextField.swift in Sources */,
				A40D04C22A156CF1004F42ED /* EmailTextField.swift in Sources */,
				A433114A2A2E6174008B6DB6 /* ProfileModelling.swift in Sources */,
				A43311502A2F6F25008B6DB6 /* TabBarCoordinator.swift in Sources */,
				A40D04A02A156C62004F42ED /* AppCoordinator.swift in Sources */,
				A40D04A62A156C75004F42ED /* CreateAccountViewModel.swift in Sources */,
				A40D04C62A156CF1004F42ED /* ImagePicker.swift in Sources */,
				A41DA2E92A15638300E3AB98 /* Features.docc in Sources */,
				A43311482A2E615B008B6DB6 /* ProfileCoordinating.swift in Sources */,
				A40D04CC2A156CFE004F42ED /* CoordinatorFactory.swift in Sources */,
				A40D04CA2A156CFE004F42ED /* DependencyFactory.swift in Sources */,
				A40D04A52A156C75004F42ED /* CreateAccountView.swift in Sources */,
				A40D04CB2A156CFE004F42ED /* L10n.swift in Sources */,
				A40D04BA2A156CC3004F42ED /* CreateAccountCoordinating.swift in Sources */,
				A4A685E12A1E77D6003E97EA /* AccountValidator.swift in Sources */,
				A40D04BC2A156CC9004F42ED /* CreateAccountModel.swift in Sources */,
				A43311452A2E613B008B6DB6 /* ProfileViewCoordinator.swift in Sources */,
				A4A685B12A1D46DB003E97EA /* CreateAccountModelling.swift in Sources */,
				A4A685B32A1D474B003E97EA /* ViewModelFactory.swift in Sources */,
				A40D04B42A156CA5004F42ED /* LoginAuthenticationModel.swift in Sources */,
				A40D04B22A156C9E004F42ED /* LoginModelling.swift in Sources */,
				A40D04A42A156C75004F42ED /* CreateAccountCoordinator.swift in Sources */,
				A40D04AC2A156C87004F42ED /* LoginCoordinator.swift in Sources */,
				A433114D2A2E6190008B6DB6 /* Profile.swift in Sources */,
				A40D04B12A156C9E004F42ED /* LoginCoordinating.swift in Sources */,
				A43311432A2E612E008B6DB6 /* ProfileViewModel.swift in Sources */,
				A40D04C32A156CF1004F42ED /* String.swift in Sources */,
				A40D04AB2A156C87004F42ED /* LoginViewModel.swift in Sources */,
			);
			runOnlyForDeploymentPostprocessing = 0;
		};
		A41DA2EA2A15638300E3AB98 /* Sources */ = {
			isa = PBXSourcesBuildPhase;
			buildActionMask = 2147483647;
			files = (
				A42A3B872A27B5AE00CDFC59 /* MockCreateAccountCoordinator.swift in Sources */,
				A4DB65152A2523EA00A699FB /* LoginViewModelTests.swift in Sources */,
				A41DA2F42A15638300E3AB98 /* MockLoginCoordinator.swift in Sources */,
				A4DB65132A2523A600A699FB /* MockLoginUseCase.swift in Sources */,
				A42A3B852A27B56B00CDFC59 /* CreateAccountTests.swift in Sources */,
				A42A3B892A27B5C500CDFC59 /* MockCreateAccountUseCase.swift in Sources */,
			);
			runOnlyForDeploymentPostprocessing = 0;
		};
/* End PBXSourcesBuildPhase section */

/* Begin PBXTargetDependency section */
		A41DA2F12A15638300E3AB98 /* PBXTargetDependency */ = {
			isa = PBXTargetDependency;
			target = A41DA2E32A15638300E3AB98 /* Features */;
			targetProxy = A41DA2F02A15638300E3AB98 /* PBXContainerItemProxy */;
		};
/* End PBXTargetDependency section */

/* Begin XCBuildConfiguration section */
		A41DA2F62A15638300E3AB98 /* Debug */ = {
			isa = XCBuildConfiguration;
			buildSettings = {
				ALWAYS_SEARCH_USER_PATHS = NO;
				CLANG_ANALYZER_NONNULL = YES;
				CLANG_ANALYZER_NUMBER_OBJECT_CONVERSION = YES_AGGRESSIVE;
				CLANG_CXX_LANGUAGE_STANDARD = "gnu++20";
				CLANG_ENABLE_MODULES = YES;
				CLANG_ENABLE_OBJC_ARC = YES;
				CLANG_ENABLE_OBJC_WEAK = YES;
				CLANG_WARN_BLOCK_CAPTURE_AUTORELEASING = YES;
				CLANG_WARN_BOOL_CONVERSION = YES;
				CLANG_WARN_COMMA = YES;
				CLANG_WARN_CONSTANT_CONVERSION = YES;
				CLANG_WARN_DEPRECATED_OBJC_IMPLEMENTATIONS = YES;
				CLANG_WARN_DIRECT_OBJC_ISA_USAGE = YES_ERROR;
				CLANG_WARN_DOCUMENTATION_COMMENTS = YES;
				CLANG_WARN_EMPTY_BODY = YES;
				CLANG_WARN_ENUM_CONVERSION = YES;
				CLANG_WARN_INFINITE_RECURSION = YES;
				CLANG_WARN_INT_CONVERSION = YES;
				CLANG_WARN_NON_LITERAL_NULL_CONVERSION = YES;
				CLANG_WARN_OBJC_IMPLICIT_RETAIN_SELF = YES;
				CLANG_WARN_OBJC_LITERAL_CONVERSION = YES;
				CLANG_WARN_OBJC_ROOT_CLASS = YES_ERROR;
				CLANG_WARN_QUOTED_INCLUDE_IN_FRAMEWORK_HEADER = YES;
				CLANG_WARN_RANGE_LOOP_ANALYSIS = YES;
				CLANG_WARN_STRICT_PROTOTYPES = YES;
				CLANG_WARN_SUSPICIOUS_MOVE = YES;
				CLANG_WARN_UNGUARDED_AVAILABILITY = YES_AGGRESSIVE;
				CLANG_WARN_UNREACHABLE_CODE = YES;
				CLANG_WARN__DUPLICATE_METHOD_MATCH = YES;
				COPY_PHASE_STRIP = NO;
				CURRENT_PROJECT_VERSION = 1;
				DEBUG_INFORMATION_FORMAT = dwarf;
				ENABLE_STRICT_OBJC_MSGSEND = YES;
				ENABLE_TESTABILITY = YES;
				GCC_C_LANGUAGE_STANDARD = gnu11;
				GCC_DYNAMIC_NO_PIC = NO;
				GCC_NO_COMMON_BLOCKS = YES;
				GCC_OPTIMIZATION_LEVEL = 0;
				GCC_PREPROCESSOR_DEFINITIONS = (
					"DEBUG=1",
					"$(inherited)",
				);
				GCC_WARN_64_TO_32_BIT_CONVERSION = YES;
				GCC_WARN_ABOUT_RETURN_TYPE = YES_ERROR;
				GCC_WARN_UNDECLARED_SELECTOR = YES;
				GCC_WARN_UNINITIALIZED_AUTOS = YES_AGGRESSIVE;
				GCC_WARN_UNUSED_FUNCTION = YES;
				GCC_WARN_UNUSED_VARIABLE = YES;
				IPHONEOS_DEPLOYMENT_TARGET = 16.1;
				MTL_ENABLE_DEBUG_INFO = INCLUDE_SOURCE;
				MTL_FAST_MATH = YES;
				ONLY_ACTIVE_ARCH = YES;
				SDKROOT = iphoneos;
				SWIFT_ACTIVE_COMPILATION_CONDITIONS = DEBUG;
				SWIFT_OPTIMIZATION_LEVEL = "-Onone";
				VERSIONING_SYSTEM = "apple-generic";
				VERSION_INFO_PREFIX = "";
			};
			name = Debug;
		};
		A41DA2F72A15638300E3AB98 /* Release */ = {
			isa = XCBuildConfiguration;
			buildSettings = {
				ALWAYS_SEARCH_USER_PATHS = NO;
				CLANG_ANALYZER_NONNULL = YES;
				CLANG_ANALYZER_NUMBER_OBJECT_CONVERSION = YES_AGGRESSIVE;
				CLANG_CXX_LANGUAGE_STANDARD = "gnu++20";
				CLANG_ENABLE_MODULES = YES;
				CLANG_ENABLE_OBJC_ARC = YES;
				CLANG_ENABLE_OBJC_WEAK = YES;
				CLANG_WARN_BLOCK_CAPTURE_AUTORELEASING = YES;
				CLANG_WARN_BOOL_CONVERSION = YES;
				CLANG_WARN_COMMA = YES;
				CLANG_WARN_CONSTANT_CONVERSION = YES;
				CLANG_WARN_DEPRECATED_OBJC_IMPLEMENTATIONS = YES;
				CLANG_WARN_DIRECT_OBJC_ISA_USAGE = YES_ERROR;
				CLANG_WARN_DOCUMENTATION_COMMENTS = YES;
				CLANG_WARN_EMPTY_BODY = YES;
				CLANG_WARN_ENUM_CONVERSION = YES;
				CLANG_WARN_INFINITE_RECURSION = YES;
				CLANG_WARN_INT_CONVERSION = YES;
				CLANG_WARN_NON_LITERAL_NULL_CONVERSION = YES;
				CLANG_WARN_OBJC_IMPLICIT_RETAIN_SELF = YES;
				CLANG_WARN_OBJC_LITERAL_CONVERSION = YES;
				CLANG_WARN_OBJC_ROOT_CLASS = YES_ERROR;
				CLANG_WARN_QUOTED_INCLUDE_IN_FRAMEWORK_HEADER = YES;
				CLANG_WARN_RANGE_LOOP_ANALYSIS = YES;
				CLANG_WARN_STRICT_PROTOTYPES = YES;
				CLANG_WARN_SUSPICIOUS_MOVE = YES;
				CLANG_WARN_UNGUARDED_AVAILABILITY = YES_AGGRESSIVE;
				CLANG_WARN_UNREACHABLE_CODE = YES;
				CLANG_WARN__DUPLICATE_METHOD_MATCH = YES;
				COPY_PHASE_STRIP = NO;
				CURRENT_PROJECT_VERSION = 1;
				DEBUG_INFORMATION_FORMAT = "dwarf-with-dsym";
				ENABLE_NS_ASSERTIONS = NO;
				ENABLE_STRICT_OBJC_MSGSEND = YES;
				GCC_C_LANGUAGE_STANDARD = gnu11;
				GCC_NO_COMMON_BLOCKS = YES;
				GCC_WARN_64_TO_32_BIT_CONVERSION = YES;
				GCC_WARN_ABOUT_RETURN_TYPE = YES_ERROR;
				GCC_WARN_UNDECLARED_SELECTOR = YES;
				GCC_WARN_UNINITIALIZED_AUTOS = YES_AGGRESSIVE;
				GCC_WARN_UNUSED_FUNCTION = YES;
				GCC_WARN_UNUSED_VARIABLE = YES;
				IPHONEOS_DEPLOYMENT_TARGET = 16.1;
				MTL_ENABLE_DEBUG_INFO = NO;
				MTL_FAST_MATH = YES;
				SDKROOT = iphoneos;
				SWIFT_COMPILATION_MODE = wholemodule;
				SWIFT_OPTIMIZATION_LEVEL = "-O";
				VALIDATE_PRODUCT = YES;
				VERSIONING_SYSTEM = "apple-generic";
				VERSION_INFO_PREFIX = "";
			};
			name = Release;
		};
		A41DA2F92A15638300E3AB98 /* Debug */ = {
			isa = XCBuildConfiguration;
			buildSettings = {
				CODE_SIGN_STYLE = Automatic;
				CURRENT_PROJECT_VERSION = 1;
				DEFINES_MODULE = YES;
				DYLIB_COMPATIBILITY_VERSION = 1;
				DYLIB_CURRENT_VERSION = 1;
				DYLIB_INSTALL_NAME_BASE = "@rpath";
				GENERATE_INFOPLIST_FILE = YES;
				INFOPLIST_KEY_NSHumanReadableCopyright = "";
				INSTALL_PATH = "$(LOCAL_LIBRARY_DIR)/Frameworks";
				LD_RUNPATH_SEARCH_PATHS = (
					"$(inherited)",
					"@executable_path/Frameworks",
					"@loader_path/Frameworks",
				);
				MARKETING_VERSION = 1.0;
				PRODUCT_BUNDLE_IDENTIFIER = jessica.com.Features;
				PRODUCT_NAME = "$(TARGET_NAME:c99extidentifier)";
				SKIP_INSTALL = YES;
				SWIFT_EMIT_LOC_STRINGS = YES;
				SWIFT_VERSION = 5.0;
				TARGETED_DEVICE_FAMILY = "1,2";
			};
			name = Debug;
		};
		A41DA2FA2A15638300E3AB98 /* Release */ = {
			isa = XCBuildConfiguration;
			buildSettings = {
				CODE_SIGN_STYLE = Automatic;
				CURRENT_PROJECT_VERSION = 1;
				DEFINES_MODULE = YES;
				DYLIB_COMPATIBILITY_VERSION = 1;
				DYLIB_CURRENT_VERSION = 1;
				DYLIB_INSTALL_NAME_BASE = "@rpath";
				GENERATE_INFOPLIST_FILE = YES;
				INFOPLIST_KEY_NSHumanReadableCopyright = "";
				INSTALL_PATH = "$(LOCAL_LIBRARY_DIR)/Frameworks";
				LD_RUNPATH_SEARCH_PATHS = (
					"$(inherited)",
					"@executable_path/Frameworks",
					"@loader_path/Frameworks",
				);
				MARKETING_VERSION = 1.0;
				PRODUCT_BUNDLE_IDENTIFIER = jessica.com.Features;
				PRODUCT_NAME = "$(TARGET_NAME:c99extidentifier)";
				SKIP_INSTALL = YES;
				SWIFT_EMIT_LOC_STRINGS = YES;
				SWIFT_VERSION = 5.0;
				TARGETED_DEVICE_FAMILY = "1,2";
			};
			name = Release;
		};
		A41DA2FC2A15638300E3AB98 /* Debug */ = {
			isa = XCBuildConfiguration;
			buildSettings = {
				ALWAYS_EMBED_SWIFT_STANDARD_LIBRARIES = YES;
				CODE_SIGN_STYLE = Automatic;
				CURRENT_PROJECT_VERSION = 1;
				GENERATE_INFOPLIST_FILE = YES;
				MARKETING_VERSION = 1.0;
				PRODUCT_BUNDLE_IDENTIFIER = jessica.com.FeaturesTests;
				PRODUCT_NAME = "$(TARGET_NAME)";
				SWIFT_EMIT_LOC_STRINGS = NO;
				SWIFT_VERSION = 5.0;
				TARGETED_DEVICE_FAMILY = "1,2";
			};
			name = Debug;
		};
		A41DA2FD2A15638300E3AB98 /* Release */ = {
			isa = XCBuildConfiguration;
			buildSettings = {
				ALWAYS_EMBED_SWIFT_STANDARD_LIBRARIES = YES;
				CODE_SIGN_STYLE = Automatic;
				CURRENT_PROJECT_VERSION = 1;
				GENERATE_INFOPLIST_FILE = YES;
				MARKETING_VERSION = 1.0;
				PRODUCT_BUNDLE_IDENTIFIER = jessica.com.FeaturesTests;
				PRODUCT_NAME = "$(TARGET_NAME)";
				SWIFT_EMIT_LOC_STRINGS = NO;
				SWIFT_VERSION = 5.0;
				TARGETED_DEVICE_FAMILY = "1,2";
			};
			name = Release;
		};
/* End XCBuildConfiguration section */

/* Begin XCConfigurationList section */
		A41DA2DE2A15638300E3AB98 /* Build configuration list for PBXProject "Features" */ = {
			isa = XCConfigurationList;
			buildConfigurations = (
				A41DA2F62A15638300E3AB98 /* Debug */,
				A41DA2F72A15638300E3AB98 /* Release */,
			);
			defaultConfigurationIsVisible = 0;
			defaultConfigurationName = Release;
		};
		A41DA2F82A15638300E3AB98 /* Build configuration list for PBXNativeTarget "Features" */ = {
			isa = XCConfigurationList;
			buildConfigurations = (
				A41DA2F92A15638300E3AB98 /* Debug */,
				A41DA2FA2A15638300E3AB98 /* Release */,
			);
			defaultConfigurationIsVisible = 0;
			defaultConfigurationName = Release;
		};
		A41DA2FB2A15638300E3AB98 /* Build configuration list for PBXNativeTarget "FeaturesTests" */ = {
			isa = XCConfigurationList;
			buildConfigurations = (
				A41DA2FC2A15638300E3AB98 /* Debug */,
				A41DA2FD2A15638300E3AB98 /* Release */,
			);
			defaultConfigurationIsVisible = 0;
			defaultConfigurationName = Release;
		};
/* End XCConfigurationList section */

/* Begin XCRemoteSwiftPackageReference section */
		A4BC90582A266F8300859CCA /* XCRemoteSwiftPackageReference "Swinject" */ = {
			isa = XCRemoteSwiftPackageReference;
			repositoryURL = "https://github.com/Swinject/Swinject.git";
			requirement = {
				branch = master;
				kind = branch;
			};
		};
		A4BC905B2A266FAC00859CCA /* XCRemoteSwiftPackageReference "SwinjectAutoregistration" */ = {
			isa = XCRemoteSwiftPackageReference;
			repositoryURL = "https://github.com/Swinject/SwinjectAutoregistration.git";
			requirement = {
				branch = master;
				kind = branch;
			};
		};
/* End XCRemoteSwiftPackageReference section */

/* Begin XCSwiftPackageProductDependency section */
		A4BC90592A266F8300859CCA /* Swinject */ = {
			isa = XCSwiftPackageProductDependency;
			package = A4BC90582A266F8300859CCA /* XCRemoteSwiftPackageReference "Swinject" */;
			productName = Swinject;
		};
		A4BC905C2A266FAC00859CCA /* SwinjectAutoregistration */ = {
			isa = XCSwiftPackageProductDependency;
			package = A4BC905B2A266FAC00859CCA /* XCRemoteSwiftPackageReference "SwinjectAutoregistration" */;
			productName = SwinjectAutoregistration;
		};
/* End XCSwiftPackageProductDependency section */
	};
	rootObject = A41DA2DB2A15638300E3AB98 /* Project object */;
}
