// !$*UTF8*$!
{
	archiveVersion = 1;
	classes = {
	};
	objectVersion = 56;
	objects = {

/* Begin PBXBuildFile section */
		A40B4EC42A16659D009FB68F /* GoogleService-Info (2).plist in Resources */ = {isa = PBXBuildFile; fileRef = A40B4EC32A16659D009FB68F /* GoogleService-Info (2).plist */; };
		A40B4ECF2A1669BC009FB68F /* FirebaseFirestore in Frameworks */ = {isa = PBXBuildFile; productRef = A40B4ECE2A1669BC009FB68F /* FirebaseFirestore */; };
		A41DA1D32A15622B00E3AB98 /* AppDelegate.swift in Sources */ = {isa = PBXBuildFile; fileRef = A41DA1D22A15622B00E3AB98 /* AppDelegate.swift */; };
		A41DA1D52A15622B00E3AB98 /* SceneDelegate.swift in Sources */ = {isa = PBXBuildFile; fileRef = A41DA1D42A15622B00E3AB98 /* SceneDelegate.swift */; };
		A41DA1D72A15622B00E3AB98 /* ViewController.swift in Sources */ = {isa = PBXBuildFile; fileRef = A41DA1D62A15622B00E3AB98 /* ViewController.swift */; };
		A41DA1DC2A15622D00E3AB98 /* Assets.xcassets in Resources */ = {isa = PBXBuildFile; fileRef = A41DA1DB2A15622D00E3AB98 /* Assets.xcassets */; };
		A41DA1DF2A15622D00E3AB98 /* LaunchScreen.storyboard in Resources */ = {isa = PBXBuildFile; fileRef = A41DA1DD2A15622D00E3AB98 /* LaunchScreen.storyboard */; };
		A41DA1EA2A15622D00E3AB98 /* Hello_WorldTests.swift in Sources */ = {isa = PBXBuildFile; fileRef = A41DA1E92A15622D00E3AB98 /* Hello_WorldTests.swift */; };
		A41DA1F42A15622D00E3AB98 /* Hello_WorldUITests.swift in Sources */ = {isa = PBXBuildFile; fileRef = A41DA1F32A15622D00E3AB98 /* Hello_WorldUITests.swift */; };
		A41DA1F62A15622D00E3AB98 /* Hello_WorldUITestsLaunchTests.swift in Sources */ = {isa = PBXBuildFile; fileRef = A41DA1F52A15622D00E3AB98 /* Hello_WorldUITestsLaunchTests.swift */; };
		A459CA142A167790001B70E9 /* Swinject in Frameworks */ = {isa = PBXBuildFile; productRef = A459CA132A167790001B70E9 /* Swinject */; };
		A459CA172A1677C3001B70E9 /* SwinjectAutoregistration in Frameworks */ = {isa = PBXBuildFile; productRef = A459CA162A1677C3001B70E9 /* SwinjectAutoregistration */; };
		A474A3022A168971008F6540 /* AppData.framework in Frameworks */ = {isa = PBXBuildFile; fileRef = A474A2FA2A168971008F6540 /* AppData.framework */; };
		A474A3032A168971008F6540 /* AppData.framework in Embed Frameworks */ = {isa = PBXBuildFile; fileRef = A474A2FA2A168971008F6540 /* AppData.framework */; settings = {ATTRIBUTES = (CodeSignOnCopy, RemoveHeadersOnCopy, ); }; };
		A474A3042A168971008F6540 /* AppNavigation.framework in Frameworks */ = {isa = PBXBuildFile; fileRef = A474A2FB2A168971008F6540 /* AppNavigation.framework */; };
		A474A3052A168971008F6540 /* AppNavigation.framework in Embed Frameworks */ = {isa = PBXBuildFile; fileRef = A474A2FB2A168971008F6540 /* AppNavigation.framework */; settings = {ATTRIBUTES = (CodeSignOnCopy, RemoveHeadersOnCopy, ); }; };
		A474A3062A168971008F6540 /* Common.framework in Frameworks */ = {isa = PBXBuildFile; fileRef = A474A2FC2A168971008F6540 /* Common.framework */; };
		A474A3072A168971008F6540 /* Common.framework in Embed Frameworks */ = {isa = PBXBuildFile; fileRef = A474A2FC2A168971008F6540 /* Common.framework */; settings = {ATTRIBUTES = (CodeSignOnCopy, RemoveHeadersOnCopy, ); }; };
		A474A3082A168971008F6540 /* DI.framework in Frameworks */ = {isa = PBXBuildFile; fileRef = A474A2FD2A168971008F6540 /* DI.framework */; };
		A474A3092A168971008F6540 /* DI.framework in Embed Frameworks */ = {isa = PBXBuildFile; fileRef = A474A2FD2A168971008F6540 /* DI.framework */; settings = {ATTRIBUTES = (CodeSignOnCopy, RemoveHeadersOnCopy, ); }; };
		A474A30A2A168971008F6540 /* Domain.framework in Frameworks */ = {isa = PBXBuildFile; fileRef = A474A2FE2A168971008F6540 /* Domain.framework */; };
		A474A30B2A168971008F6540 /* Domain.framework in Embed Frameworks */ = {isa = PBXBuildFile; fileRef = A474A2FE2A168971008F6540 /* Domain.framework */; settings = {ATTRIBUTES = (CodeSignOnCopy, RemoveHeadersOnCopy, ); }; };
		A474A30C2A168971008F6540 /* Features.framework in Frameworks */ = {isa = PBXBuildFile; fileRef = A474A2FF2A168971008F6540 /* Features.framework */; };
		A474A30D2A168971008F6540 /* Features.framework in Embed Frameworks */ = {isa = PBXBuildFile; fileRef = A474A2FF2A168971008F6540 /* Features.framework */; settings = {ATTRIBUTES = (CodeSignOnCopy, RemoveHeadersOnCopy, ); }; };
		A474A30E2A168971008F6540 /* FireStorage.framework in Frameworks */ = {isa = PBXBuildFile; fileRef = A474A3002A168971008F6540 /* FireStorage.framework */; };
		A474A30F2A168971008F6540 /* FireStorage.framework in Embed Frameworks */ = {isa = PBXBuildFile; fileRef = A474A3002A168971008F6540 /* FireStorage.framework */; settings = {ATTRIBUTES = (CodeSignOnCopy, RemoveHeadersOnCopy, ); }; };
		A474A3102A168971008F6540 /* Networking.framework in Frameworks */ = {isa = PBXBuildFile; fileRef = A474A3012A168971008F6540 /* Networking.framework */; };
		A474A3112A168971008F6540 /* Networking.framework in Embed Frameworks */ = {isa = PBXBuildFile; fileRef = A474A3012A168971008F6540 /* Networking.framework */; settings = {ATTRIBUTES = (CodeSignOnCopy, RemoveHeadersOnCopy, ); }; };
/* End PBXBuildFile section */

/* Begin PBXContainerItemProxy section */
		A41DA1E62A15622D00E3AB98 /* PBXContainerItemProxy */ = {
			isa = PBXContainerItemProxy;
			containerPortal = A41DA1C72A15622B00E3AB98 /* Project object */;
			proxyType = 1;
			remoteGlobalIDString = A41DA1CE2A15622B00E3AB98;
			remoteInfo = "Hello World";
		};
		A41DA1F02A15622D00E3AB98 /* PBXContainerItemProxy */ = {
			isa = PBXContainerItemProxy;
			containerPortal = A41DA1C72A15622B00E3AB98 /* Project object */;
			proxyType = 1;
			remoteGlobalIDString = A41DA1CE2A15622B00E3AB98;
			remoteInfo = "Hello World";
		};
/* End PBXContainerItemProxy section */

/* Begin PBXCopyFilesBuildPhase section */
		A474A3122A168972008F6540 /* Embed Frameworks */ = {
			isa = PBXCopyFilesBuildPhase;
			buildActionMask = 2147483647;
			dstPath = "";
			dstSubfolderSpec = 10;
			files = (
				A474A3112A168971008F6540 /* Networking.framework in Embed Frameworks */,
				A474A30B2A168971008F6540 /* Domain.framework in Embed Frameworks */,
				A474A3072A168971008F6540 /* Common.framework in Embed Frameworks */,
				A474A3092A168971008F6540 /* DI.framework in Embed Frameworks */,
				A474A3052A168971008F6540 /* AppNavigation.framework in Embed Frameworks */,
				A474A3032A168971008F6540 /* AppData.framework in Embed Frameworks */,
				A474A30D2A168971008F6540 /* Features.framework in Embed Frameworks */,
				A474A30F2A168971008F6540 /* FireStorage.framework in Embed Frameworks */,
			);
			name = "Embed Frameworks";
			runOnlyForDeploymentPostprocessing = 0;
		};
/* End PBXCopyFilesBuildPhase section */

/* Begin PBXFileReference section */
		A40B4EC32A16659D009FB68F /* GoogleService-Info (2).plist */ = {isa = PBXFileReference; fileEncoding = 4; lastKnownFileType = text.plist.xml; path = "GoogleService-Info (2).plist"; sourceTree = "<group>"; };
		A41DA1CF2A15622B00E3AB98 /* Hello World.app */ = {isa = PBXFileReference; explicitFileType = wrapper.application; includeInIndex = 0; path = "Hello World.app"; sourceTree = BUILT_PRODUCTS_DIR; };
		A41DA1D22A15622B00E3AB98 /* AppDelegate.swift */ = {isa = PBXFileReference; lastKnownFileType = sourcecode.swift; path = AppDelegate.swift; sourceTree = "<group>"; };
		A41DA1D42A15622B00E3AB98 /* SceneDelegate.swift */ = {isa = PBXFileReference; lastKnownFileType = sourcecode.swift; path = SceneDelegate.swift; sourceTree = "<group>"; };
		A41DA1D62A15622B00E3AB98 /* ViewController.swift */ = {isa = PBXFileReference; lastKnownFileType = sourcecode.swift; path = ViewController.swift; sourceTree = "<group>"; };
		A41DA1DB2A15622D00E3AB98 /* Assets.xcassets */ = {isa = PBXFileReference; lastKnownFileType = folder.assetcatalog; path = Assets.xcassets; sourceTree = "<group>"; };
		A41DA1DE2A15622D00E3AB98 /* Base */ = {isa = PBXFileReference; lastKnownFileType = file.storyboard; name = Base; path = Base.lproj/LaunchScreen.storyboard; sourceTree = "<group>"; };
		A41DA1E02A15622D00E3AB98 /* Info.plist */ = {isa = PBXFileReference; lastKnownFileType = text.plist.xml; path = Info.plist; sourceTree = "<group>"; };
		A41DA1E52A15622D00E3AB98 /* Hello WorldTests.xctest */ = {isa = PBXFileReference; explicitFileType = wrapper.cfbundle; includeInIndex = 0; path = "Hello WorldTests.xctest"; sourceTree = BUILT_PRODUCTS_DIR; };
		A41DA1E92A15622D00E3AB98 /* Hello_WorldTests.swift */ = {isa = PBXFileReference; lastKnownFileType = sourcecode.swift; path = Hello_WorldTests.swift; sourceTree = "<group>"; };
		A41DA1EF2A15622D00E3AB98 /* Hello WorldUITests.xctest */ = {isa = PBXFileReference; explicitFileType = wrapper.cfbundle; includeInIndex = 0; path = "Hello WorldUITests.xctest"; sourceTree = BUILT_PRODUCTS_DIR; };
		A41DA1F32A15622D00E3AB98 /* Hello_WorldUITests.swift */ = {isa = PBXFileReference; lastKnownFileType = sourcecode.swift; path = Hello_WorldUITests.swift; sourceTree = "<group>"; };
		A41DA1F52A15622D00E3AB98 /* Hello_WorldUITestsLaunchTests.swift */ = {isa = PBXFileReference; lastKnownFileType = sourcecode.swift; path = Hello_WorldUITestsLaunchTests.swift; sourceTree = "<group>"; };
		A474A2FA2A168971008F6540 /* AppData.framework */ = {isa = PBXFileReference; explicitFileType = wrapper.framework; path = AppData.framework; sourceTree = BUILT_PRODUCTS_DIR; };
		A474A2FB2A168971008F6540 /* AppNavigation.framework */ = {isa = PBXFileReference; explicitFileType = wrapper.framework; path = AppNavigation.framework; sourceTree = BUILT_PRODUCTS_DIR; };
		A474A2FC2A168971008F6540 /* Common.framework */ = {isa = PBXFileReference; explicitFileType = wrapper.framework; path = Common.framework; sourceTree = BUILT_PRODUCTS_DIR; };
		A474A2FD2A168971008F6540 /* DI.framework */ = {isa = PBXFileReference; explicitFileType = wrapper.framework; path = DI.framework; sourceTree = BUILT_PRODUCTS_DIR; };
		A474A2FE2A168971008F6540 /* Domain.framework */ = {isa = PBXFileReference; explicitFileType = wrapper.framework; path = Domain.framework; sourceTree = BUILT_PRODUCTS_DIR; };
		A474A2FF2A168971008F6540 /* Features.framework */ = {isa = PBXFileReference; explicitFileType = wrapper.framework; path = Features.framework; sourceTree = BUILT_PRODUCTS_DIR; };
		A474A3002A168971008F6540 /* FireStorage.framework */ = {isa = PBXFileReference; explicitFileType = wrapper.framework; path = FireStorage.framework; sourceTree = BUILT_PRODUCTS_DIR; };
		A474A3012A168971008F6540 /* Networking.framework */ = {isa = PBXFileReference; explicitFileType = wrapper.framework; path = Networking.framework; sourceTree = BUILT_PRODUCTS_DIR; };
/* End PBXFileReference section */

/* Begin PBXFrameworksBuildPhase section */
		A41DA1CC2A15622B00E3AB98 /* Frameworks */ = {
			isa = PBXFrameworksBuildPhase;
			buildActionMask = 2147483647;
			files = (
				A474A3022A168971008F6540 /* AppData.framework in Frameworks */,
				A474A3102A168971008F6540 /* Networking.framework in Frameworks */,
				A40B4ECF2A1669BC009FB68F /* FirebaseFirestore in Frameworks */,
				A474A30E2A168971008F6540 /* FireStorage.framework in Frameworks */,
				A474A30C2A168971008F6540 /* Features.framework in Frameworks */,
				A474A3042A168971008F6540 /* AppNavigation.framework in Frameworks */,
				A474A3082A168971008F6540 /* DI.framework in Frameworks */,
				A474A30A2A168971008F6540 /* Domain.framework in Frameworks */,
				A474A3062A168971008F6540 /* Common.framework in Frameworks */,
				A459CA142A167790001B70E9 /* Swinject in Frameworks */,
				A459CA172A1677C3001B70E9 /* SwinjectAutoregistration in Frameworks */,
			);
			runOnlyForDeploymentPostprocessing = 0;
		};
		A41DA1E22A15622D00E3AB98 /* Frameworks */ = {
			isa = PBXFrameworksBuildPhase;
			buildActionMask = 2147483647;
			files = (
			);
			runOnlyForDeploymentPostprocessing = 0;
		};
		A41DA1EC2A15622D00E3AB98 /* Frameworks */ = {
			isa = PBXFrameworksBuildPhase;
			buildActionMask = 2147483647;
			files = (
			);
			runOnlyForDeploymentPostprocessing = 0;
		};
/* End PBXFrameworksBuildPhase section */

/* Begin PBXGroup section */
		A41DA1C62A15622B00E3AB98 = {
			isa = PBXGroup;
			children = (
				A40B4EC32A16659D009FB68F /* GoogleService-Info (2).plist */,
				A41DA1D12A15622B00E3AB98 /* Hello World */,
				A41DA1E82A15622D00E3AB98 /* Hello WorldTests */,
				A41DA1F22A15622D00E3AB98 /* Hello WorldUITests */,
				A41DA1D02A15622B00E3AB98 /* Products */,
				A474A2F92A168971008F6540 /* Frameworks */,
			);
			sourceTree = "<group>";
		};
		A41DA1D02A15622B00E3AB98 /* Products */ = {
			isa = PBXGroup;
			children = (
				A41DA1CF2A15622B00E3AB98 /* Hello World.app */,
				A41DA1E52A15622D00E3AB98 /* Hello WorldTests.xctest */,
				A41DA1EF2A15622D00E3AB98 /* Hello WorldUITests.xctest */,
			);
			name = Products;
			sourceTree = "<group>";
		};
		A41DA1D12A15622B00E3AB98 /* Hello World */ = {
			isa = PBXGroup;
			children = (
				A41DA1D22A15622B00E3AB98 /* AppDelegate.swift */,
				A41DA1D42A15622B00E3AB98 /* SceneDelegate.swift */,
				A41DA1D62A15622B00E3AB98 /* ViewController.swift */,
				A41DA1DB2A15622D00E3AB98 /* Assets.xcassets */,
				A41DA1DD2A15622D00E3AB98 /* LaunchScreen.storyboard */,
				A41DA1E02A15622D00E3AB98 /* Info.plist */,
			);
			path = "Hello World";
			sourceTree = "<group>";
		};
		A41DA1E82A15622D00E3AB98 /* Hello WorldTests */ = {
			isa = PBXGroup;
			children = (
				A41DA1E92A15622D00E3AB98 /* Hello_WorldTests.swift */,
			);
			path = "Hello WorldTests";
			sourceTree = "<group>";
		};
		A41DA1F22A15622D00E3AB98 /* Hello WorldUITests */ = {
			isa = PBXGroup;
			children = (
				A41DA1F32A15622D00E3AB98 /* Hello_WorldUITests.swift */,
				A41DA1F52A15622D00E3AB98 /* Hello_WorldUITestsLaunchTests.swift */,
			);
			path = "Hello WorldUITests";
			sourceTree = "<group>";
		};
		A474A2F92A168971008F6540 /* Frameworks */ = {
			isa = PBXGroup;
			children = (
				A474A2FA2A168971008F6540 /* AppData.framework */,
				A474A2FB2A168971008F6540 /* AppNavigation.framework */,
				A474A2FC2A168971008F6540 /* Common.framework */,
				A474A2FD2A168971008F6540 /* DI.framework */,
				A474A2FE2A168971008F6540 /* Domain.framework */,
				A474A2FF2A168971008F6540 /* Features.framework */,
				A474A3002A168971008F6540 /* FireStorage.framework */,
				A474A3012A168971008F6540 /* Networking.framework */,
			);
			name = Frameworks;
			sourceTree = "<group>";
		};
/* End PBXGroup section */

/* Begin PBXNativeTarget section */
		A41DA1CE2A15622B00E3AB98 /* Hello World */ = {
			isa = PBXNativeTarget;
			buildConfigurationList = A41DA1F92A15622D00E3AB98 /* Build configuration list for PBXNativeTarget "Hello World" */;
			buildPhases = (
				A41DA1CB2A15622B00E3AB98 /* Sources */,
				A41DA1CC2A15622B00E3AB98 /* Frameworks */,
				A41DA1CD2A15622B00E3AB98 /* Resources */,
				A474A3122A168972008F6540 /* Embed Frameworks */,
			);
			buildRules = (
			);
			dependencies = (
			);
			name = "Hello World";
			packageProductDependencies = (
				A40B4ECE2A1669BC009FB68F /* FirebaseFirestore */,
				A459CA132A167790001B70E9 /* Swinject */,
				A459CA162A1677C3001B70E9 /* SwinjectAutoregistration */,
			);
			productName = "Hello World";
			productReference = A41DA1CF2A15622B00E3AB98 /* Hello World.app */;
			productType = "com.apple.product-type.application";
		};
		A41DA1E42A15622D00E3AB98 /* Hello WorldTests */ = {
			isa = PBXNativeTarget;
			buildConfigurationList = A41DA1FC2A15622D00E3AB98 /* Build configuration list for PBXNativeTarget "Hello WorldTests" */;
			buildPhases = (
				A41DA1E12A15622D00E3AB98 /* Sources */,
				A41DA1E22A15622D00E3AB98 /* Frameworks */,
				A41DA1E32A15622D00E3AB98 /* Resources */,
			);
			buildRules = (
			);
			dependencies = (
				A41DA1E72A15622D00E3AB98 /* PBXTargetDependency */,
			);
			name = "Hello WorldTests";
			productName = "Hello WorldTests";
			productReference = A41DA1E52A15622D00E3AB98 /* Hello WorldTests.xctest */;
			productType = "com.apple.product-type.bundle.unit-test";
		};
		A41DA1EE2A15622D00E3AB98 /* Hello WorldUITests */ = {
			isa = PBXNativeTarget;
			buildConfigurationList = A41DA1FF2A15622D00E3AB98 /* Build configuration list for PBXNativeTarget "Hello WorldUITests" */;
			buildPhases = (
				A41DA1EB2A15622D00E3AB98 /* Sources */,
				A41DA1EC2A15622D00E3AB98 /* Frameworks */,
				A41DA1ED2A15622D00E3AB98 /* Resources */,
			);
			buildRules = (
			);
			dependencies = (
				A41DA1F12A15622D00E3AB98 /* PBXTargetDependency */,
			);
			name = "Hello WorldUITests";
			productName = "Hello WorldUITests";
			productReference = A41DA1EF2A15622D00E3AB98 /* Hello WorldUITests.xctest */;
			productType = "com.apple.product-type.bundle.ui-testing";
		};
/* End PBXNativeTarget section */

/* Begin PBXProject section */
		A41DA1C72A15622B00E3AB98 /* Project object */ = {
			isa = PBXProject;
			attributes = {
				BuildIndependentTargetsInParallel = 1;
				LastSwiftUpdateCheck = 1410;
				LastUpgradeCheck = 1410;
				TargetAttributes = {
					A41DA1CE2A15622B00E3AB98 = {
						CreatedOnToolsVersion = 14.1;
					};
					A41DA1E42A15622D00E3AB98 = {
						CreatedOnToolsVersion = 14.1;
						TestTargetID = A41DA1CE2A15622B00E3AB98;
					};
					A41DA1EE2A15622D00E3AB98 = {
						CreatedOnToolsVersion = 14.1;
						TestTargetID = A41DA1CE2A15622B00E3AB98;
					};
				};
			};
			buildConfigurationList = A41DA1CA2A15622B00E3AB98 /* Build configuration list for PBXProject "Hello World" */;
			compatibilityVersion = "Xcode 14.0";
			developmentRegion = en;
			hasScannedForEncodings = 0;
			knownRegions = (
				en,
				Base,
			);
			mainGroup = A41DA1C62A15622B00E3AB98;
			packageReferences = (
				A40B4ECD2A1669BC009FB68F /* XCRemoteSwiftPackageReference "firebase-ios-sdk" */,
				A459CA122A167790001B70E9 /* XCRemoteSwiftPackageReference "Swinject" */,
				A459CA152A1677C3001B70E9 /* XCRemoteSwiftPackageReference "SwinjectAutoregistration" */,
			);
			productRefGroup = A41DA1D02A15622B00E3AB98 /* Products */;
			projectDirPath = "";
			projectRoot = "";
			targets = (
				A41DA1CE2A15622B00E3AB98 /* Hello World */,
				A41DA1E42A15622D00E3AB98 /* Hello WorldTests */,
				A41DA1EE2A15622D00E3AB98 /* Hello WorldUITests */,
			);
		};
/* End PBXProject section */

/* Begin PBXResourcesBuildPhase section */
		A41DA1CD2A15622B00E3AB98 /* Resources */ = {
			isa = PBXResourcesBuildPhase;
			buildActionMask = 2147483647;
			files = (
				A40B4EC42A16659D009FB68F /* GoogleService-Info (2).plist in Resources */,
				A41DA1DF2A15622D00E3AB98 /* LaunchScreen.storyboard in Resources */,
				A41DA1DC2A15622D00E3AB98 /* Assets.xcassets in Resources */,
			);
			runOnlyForDeploymentPostprocessing = 0;
		};
		A41DA1E32A15622D00E3AB98 /* Resources */ = {
			isa = PBXResourcesBuildPhase;
			buildActionMask = 2147483647;
			files = (
			);
			runOnlyForDeploymentPostprocessing = 0;
		};
		A41DA1ED2A15622D00E3AB98 /* Resources */ = {
			isa = PBXResourcesBuildPhase;
			buildActionMask = 2147483647;
			files = (
			);
			runOnlyForDeploymentPostprocessing = 0;
		};
/* End PBXResourcesBuildPhase section */

/* Begin PBXSourcesBuildPhase section */
		A41DA1CB2A15622B00E3AB98 /* Sources */ = {
			isa = PBXSourcesBuildPhase;
			buildActionMask = 2147483647;
			files = (
				A41DA1D72A15622B00E3AB98 /* ViewController.swift in Sources */,
				A41DA1D32A15622B00E3AB98 /* AppDelegate.swift in Sources */,
				A41DA1D52A15622B00E3AB98 /* SceneDelegate.swift in Sources */,
			);
			runOnlyForDeploymentPostprocessing = 0;
		};
		A41DA1E12A15622D00E3AB98 /* Sources */ = {
			isa = PBXSourcesBuildPhase;
			buildActionMask = 2147483647;
			files = (
				A41DA1EA2A15622D00E3AB98 /* Hello_WorldTests.swift in Sources */,
			);
			runOnlyForDeploymentPostprocessing = 0;
		};
		A41DA1EB2A15622D00E3AB98 /* Sources */ = {
			isa = PBXSourcesBuildPhase;
			buildActionMask = 2147483647;
			files = (
				A41DA1F62A15622D00E3AB98 /* Hello_WorldUITestsLaunchTests.swift in Sources */,
				A41DA1F42A15622D00E3AB98 /* Hello_WorldUITests.swift in Sources */,
			);
			runOnlyForDeploymentPostprocessing = 0;
		};
/* End PBXSourcesBuildPhase section */

/* Begin PBXTargetDependency section */
		A41DA1E72A15622D00E3AB98 /* PBXTargetDependency */ = {
			isa = PBXTargetDependency;
			target = A41DA1CE2A15622B00E3AB98 /* Hello World */;
			targetProxy = A41DA1E62A15622D00E3AB98 /* PBXContainerItemProxy */;
		};
		A41DA1F12A15622D00E3AB98 /* PBXTargetDependency */ = {
			isa = PBXTargetDependency;
			target = A41DA1CE2A15622B00E3AB98 /* Hello World */;
			targetProxy = A41DA1F02A15622D00E3AB98 /* PBXContainerItemProxy */;
		};
/* End PBXTargetDependency section */

/* Begin PBXVariantGroup section */
		A41DA1DD2A15622D00E3AB98 /* LaunchScreen.storyboard */ = {
			isa = PBXVariantGroup;
			children = (
				A41DA1DE2A15622D00E3AB98 /* Base */,
			);
			name = LaunchScreen.storyboard;
			sourceTree = "<group>";
		};
/* End PBXVariantGroup section */

/* Begin XCBuildConfiguration section */
		A41DA1F72A15622D00E3AB98 /* Debug */ = {
			isa = XCBuildConfiguration;
			buildSettings = {
				ALWAYS_SEARCH_USER_PATHS = NO;
				CLANG_ANALYZER_NONNULL = YES;
				CLANG_ANALYZER_NUMBER_OBJECT_CONVERSION = YES_AGGRESSIVE;
				CLANG_CXX_LANGUAGE_STANDARD = "gnu++20";
				CLANG_ENABLE_MODULES = YES;
				CLANG_ENABLE_OBJC_ARC = YES;
				CLANG_ENABLE_OBJC_WEAK = YES;
				CLANG_WARN_BLOCK_CAPTURE_AUTORELEASING = YES;
				CLANG_WARN_BOOL_CONVERSION = YES;
				CLANG_WARN_COMMA = YES;
				CLANG_WARN_CONSTANT_CONVERSION = YES;
				CLANG_WARN_DEPRECATED_OBJC_IMPLEMENTATIONS = YES;
				CLANG_WARN_DIRECT_OBJC_ISA_USAGE = YES_ERROR;
				CLANG_WARN_DOCUMENTATION_COMMENTS = YES;
				CLANG_WARN_EMPTY_BODY = YES;
				CLANG_WARN_ENUM_CONVERSION = YES;
				CLANG_WARN_INFINITE_RECURSION = YES;
				CLANG_WARN_INT_CONVERSION = YES;
				CLANG_WARN_NON_LITERAL_NULL_CONVERSION = YES;
				CLANG_WARN_OBJC_IMPLICIT_RETAIN_SELF = YES;
				CLANG_WARN_OBJC_LITERAL_CONVERSION = YES;
				CLANG_WARN_OBJC_ROOT_CLASS = YES_ERROR;
				CLANG_WARN_QUOTED_INCLUDE_IN_FRAMEWORK_HEADER = YES;
				CLANG_WARN_RANGE_LOOP_ANALYSIS = YES;
				CLANG_WARN_STRICT_PROTOTYPES = YES;
				CLANG_WARN_SUSPICIOUS_MOVE = YES;
				CLANG_WARN_UNGUARDED_AVAILABILITY = YES_AGGRESSIVE;
				CLANG_WARN_UNREACHABLE_CODE = YES;
				CLANG_WARN__DUPLICATE_METHOD_MATCH = YES;
				COPY_PHASE_STRIP = NO;
				DEBUG_INFORMATION_FORMAT = dwarf;
				ENABLE_STRICT_OBJC_MSGSEND = YES;
				ENABLE_TESTABILITY = YES;
				GCC_C_LANGUAGE_STANDARD = gnu11;
				GCC_DYNAMIC_NO_PIC = NO;
				GCC_NO_COMMON_BLOCKS = YES;
				GCC_OPTIMIZATION_LEVEL = 0;
				GCC_PREPROCESSOR_DEFINITIONS = (
					"DEBUG=1",
					"$(inherited)",
				);
				GCC_WARN_64_TO_32_BIT_CONVERSION = YES;
				GCC_WARN_ABOUT_RETURN_TYPE = YES_ERROR;
				GCC_WARN_UNDECLARED_SELECTOR = YES;
				GCC_WARN_UNINITIALIZED_AUTOS = YES_AGGRESSIVE;
				GCC_WARN_UNUSED_FUNCTION = YES;
				GCC_WARN_UNUSED_VARIABLE = YES;
				IPHONEOS_DEPLOYMENT_TARGET = 16.1;
				MTL_ENABLE_DEBUG_INFO = INCLUDE_SOURCE;
				MTL_FAST_MATH = YES;
				ONLY_ACTIVE_ARCH = YES;
				SDKROOT = iphoneos;
				SWIFT_ACTIVE_COMPILATION_CONDITIONS = DEBUG;
				SWIFT_OPTIMIZATION_LEVEL = "-Onone";
			};
			name = Debug;
		};
		A41DA1F82A15622D00E3AB98 /* Release */ = {
			isa = XCBuildConfiguration;
			buildSettings = {
				ALWAYS_SEARCH_USER_PATHS = NO;
				CLANG_ANALYZER_NONNULL = YES;
				CLANG_ANALYZER_NUMBER_OBJECT_CONVERSION = YES_AGGRESSIVE;
				CLANG_CXX_LANGUAGE_STANDARD = "gnu++20";
				CLANG_ENABLE_MODULES = YES;
				CLANG_ENABLE_OBJC_ARC = YES;
				CLANG_ENABLE_OBJC_WEAK = YES;
				CLANG_WARN_BLOCK_CAPTURE_AUTORELEASING = YES;
				CLANG_WARN_BOOL_CONVERSION = YES;
				CLANG_WARN_COMMA = YES;
				CLANG_WARN_CONSTANT_CONVERSION = YES;
				CLANG_WARN_DEPRECATED_OBJC_IMPLEMENTATIONS = YES;
				CLANG_WARN_DIRECT_OBJC_ISA_USAGE = YES_ERROR;
				CLANG_WARN_DOCUMENTATION_COMMENTS = YES;
				CLANG_WARN_EMPTY_BODY = YES;
				CLANG_WARN_ENUM_CONVERSION = YES;
				CLANG_WARN_INFINITE_RECURSION = YES;
				CLANG_WARN_INT_CONVERSION = YES;
				CLANG_WARN_NON_LITERAL_NULL_CONVERSION = YES;
				CLANG_WARN_OBJC_IMPLICIT_RETAIN_SELF = YES;
				CLANG_WARN_OBJC_LITERAL_CONVERSION = YES;
				CLANG_WARN_OBJC_ROOT_CLASS = YES_ERROR;
				CLANG_WARN_QUOTED_INCLUDE_IN_FRAMEWORK_HEADER = YES;
				CLANG_WARN_RANGE_LOOP_ANALYSIS = YES;
				CLANG_WARN_STRICT_PROTOTYPES = YES;
				CLANG_WARN_SUSPICIOUS_MOVE = YES;
				CLANG_WARN_UNGUARDED_AVAILABILITY = YES_AGGRESSIVE;
				CLANG_WARN_UNREACHABLE_CODE = YES;
				CLANG_WARN__DUPLICATE_METHOD_MATCH = YES;
				COPY_PHASE_STRIP = NO;
				DEBUG_INFORMATION_FORMAT = "dwarf-with-dsym";
				ENABLE_NS_ASSERTIONS = NO;
				ENABLE_STRICT_OBJC_MSGSEND = YES;
				GCC_C_LANGUAGE_STANDARD = gnu11;
				GCC_NO_COMMON_BLOCKS = YES;
				GCC_WARN_64_TO_32_BIT_CONVERSION = YES;
				GCC_WARN_ABOUT_RETURN_TYPE = YES_ERROR;
				GCC_WARN_UNDECLARED_SELECTOR = YES;
				GCC_WARN_UNINITIALIZED_AUTOS = YES_AGGRESSIVE;
				GCC_WARN_UNUSED_FUNCTION = YES;
				GCC_WARN_UNUSED_VARIABLE = YES;
				IPHONEOS_DEPLOYMENT_TARGET = 16.1;
				MTL_ENABLE_DEBUG_INFO = NO;
				MTL_FAST_MATH = YES;
				SDKROOT = iphoneos;
				SWIFT_COMPILATION_MODE = wholemodule;
				SWIFT_OPTIMIZATION_LEVEL = "-O";
				VALIDATE_PRODUCT = YES;
			};
			name = Release;
		};
		A41DA1FA2A15622D00E3AB98 /* Debug */ = {
			isa = XCBuildConfiguration;
			buildSettings = {
				ASSETCATALOG_COMPILER_APPICON_NAME = AppIcon;
				ASSETCATALOG_COMPILER_GLOBAL_ACCENT_COLOR_NAME = AccentColor;
				CODE_SIGN_STYLE = Automatic;
				CURRENT_PROJECT_VERSION = 1;
				GENERATE_INFOPLIST_FILE = YES;
				INFOPLIST_FILE = "Hello World/Info.plist";
				INFOPLIST_KEY_UIApplicationSupportsIndirectInputEvents = YES;
				INFOPLIST_KEY_UILaunchStoryboardName = LaunchScreen;
				INFOPLIST_KEY_UISupportedInterfaceOrientations_iPad = "UIInterfaceOrientationPortrait UIInterfaceOrientationPortraitUpsideDown UIInterfaceOrientationLandscapeLeft UIInterfaceOrientationLandscapeRight";
				INFOPLIST_KEY_UISupportedInterfaceOrientations_iPhone = "UIInterfaceOrientationPortrait UIInterfaceOrientationLandscapeLeft UIInterfaceOrientationLandscapeRight";
				LD_RUNPATH_SEARCH_PATHS = (
					"$(inherited)",
					"@executable_path/Frameworks",
				);
				MARKETING_VERSION = 1.0;
				PRODUCT_BUNDLE_IDENTIFIER = jessica.com.HelloWorld;
				PRODUCT_NAME = "$(TARGET_NAME)";
				SWIFT_EMIT_LOC_STRINGS = YES;
				SWIFT_VERSION = 5.0;
				TARGETED_DEVICE_FAMILY = "1,2";
			};
			name = Debug;
		};
		A41DA1FB2A15622D00E3AB98 /* Release */ = {
			isa = XCBuildConfiguration;
			buildSettings = {
				ASSETCATALOG_COMPILER_APPICON_NAME = AppIcon;
				ASSETCATALOG_COMPILER_GLOBAL_ACCENT_COLOR_NAME = AccentColor;
				CODE_SIGN_STYLE = Automatic;
				CURRENT_PROJECT_VERSION = 1;
				GENERATE_INFOPLIST_FILE = YES;
				INFOPLIST_FILE = "Hello World/Info.plist";
				INFOPLIST_KEY_UIApplicationSupportsIndirectInputEvents = YES;
				INFOPLIST_KEY_UILaunchStoryboardName = LaunchScreen;
				INFOPLIST_KEY_UISupportedInterfaceOrientations_iPad = "UIInterfaceOrientationPortrait UIInterfaceOrientationPortraitUpsideDown UIInterfaceOrientationLandscapeLeft UIInterfaceOrientationLandscapeRight";
				INFOPLIST_KEY_UISupportedInterfaceOrientations_iPhone = "UIInterfaceOrientationPortrait UIInterfaceOrientationLandscapeLeft UIInterfaceOrientationLandscapeRight";
				LD_RUNPATH_SEARCH_PATHS = (
					"$(inherited)",
					"@executable_path/Frameworks",
				);
				MARKETING_VERSION = 1.0;
				PRODUCT_BUNDLE_IDENTIFIER = jessica.com.HelloWorld;
				PRODUCT_NAME = "$(TARGET_NAME)";
				SWIFT_EMIT_LOC_STRINGS = YES;
				SWIFT_VERSION = 5.0;
				TARGETED_DEVICE_FAMILY = "1,2";
			};
			name = Release;
		};
		A41DA1FD2A15622D00E3AB98 /* Debug */ = {
			isa = XCBuildConfiguration;
			buildSettings = {
				ALWAYS_EMBED_SWIFT_STANDARD_LIBRARIES = YES;
				BUNDLE_LOADER = "$(TEST_HOST)";
				CODE_SIGN_STYLE = Automatic;
				CURRENT_PROJECT_VERSION = 1;
				GENERATE_INFOPLIST_FILE = YES;
				IPHONEOS_DEPLOYMENT_TARGET = 16.1;
				MARKETING_VERSION = 1.0;
				PRODUCT_BUNDLE_IDENTIFIER = "jessica.com.Hello-WorldTests";
				PRODUCT_NAME = "$(TARGET_NAME)";
				SWIFT_EMIT_LOC_STRINGS = NO;
				SWIFT_VERSION = 5.0;
				TARGETED_DEVICE_FAMILY = "1,2";
				TEST_HOST = "$(BUILT_PRODUCTS_DIR)/Hello World.app/$(BUNDLE_EXECUTABLE_FOLDER_PATH)/Hello World";
			};
			name = Debug;
		};
		A41DA1FE2A15622D00E3AB98 /* Release */ = {
			isa = XCBuildConfiguration;
			buildSettings = {
				ALWAYS_EMBED_SWIFT_STANDARD_LIBRARIES = YES;
				BUNDLE_LOADER = "$(TEST_HOST)";
				CODE_SIGN_STYLE = Automatic;
				CURRENT_PROJECT_VERSION = 1;
				GENERATE_INFOPLIST_FILE = YES;
				IPHONEOS_DEPLOYMENT_TARGET = 16.1;
				MARKETING_VERSION = 1.0;
				PRODUCT_BUNDLE_IDENTIFIER = "jessica.com.Hello-WorldTests";
				PRODUCT_NAME = "$(TARGET_NAME)";
				SWIFT_EMIT_LOC_STRINGS = NO;
				SWIFT_VERSION = 5.0;
				TARGETED_DEVICE_FAMILY = "1,2";
				TEST_HOST = "$(BUILT_PRODUCTS_DIR)/Hello World.app/$(BUNDLE_EXECUTABLE_FOLDER_PATH)/Hello World";
			};
			name = Release;
		};
		A41DA2002A15622D00E3AB98 /* Debug */ = {
			isa = XCBuildConfiguration;
			buildSettings = {
				ALWAYS_EMBED_SWIFT_STANDARD_LIBRARIES = YES;
				CODE_SIGN_STYLE = Automatic;
				CURRENT_PROJECT_VERSION = 1;
				GENERATE_INFOPLIST_FILE = YES;
				MARKETING_VERSION = 1.0;
				PRODUCT_BUNDLE_IDENTIFIER = "jessica.com.Hello-WorldUITests";
				PRODUCT_NAME = "$(TARGET_NAME)";
				SWIFT_EMIT_LOC_STRINGS = NO;
				SWIFT_VERSION = 5.0;
				TARGETED_DEVICE_FAMILY = "1,2";
				TEST_TARGET_NAME = "Hello World";
			};
			name = Debug;
		};
		A41DA2012A15622D00E3AB98 /* Release */ = {
			isa = XCBuildConfiguration;
			buildSettings = {
				ALWAYS_EMBED_SWIFT_STANDARD_LIBRARIES = YES;
				CODE_SIGN_STYLE = Automatic;
				CURRENT_PROJECT_VERSION = 1;
				GENERATE_INFOPLIST_FILE = YES;
				MARKETING_VERSION = 1.0;
				PRODUCT_BUNDLE_IDENTIFIER = "jessica.com.Hello-WorldUITests";
				PRODUCT_NAME = "$(TARGET_NAME)";
				SWIFT_EMIT_LOC_STRINGS = NO;
				SWIFT_VERSION = 5.0;
				TARGETED_DEVICE_FAMILY = "1,2";
				TEST_TARGET_NAME = "Hello World";
			};
			name = Release;
		};
/* End XCBuildConfiguration section */

/* Begin XCConfigurationList section */
		A41DA1CA2A15622B00E3AB98 /* Build configuration list for PBXProject "Hello World" */ = {
			isa = XCConfigurationList;
			buildConfigurations = (
				A41DA1F72A15622D00E3AB98 /* Debug */,
				A41DA1F82A15622D00E3AB98 /* Release */,
			);
			defaultConfigurationIsVisible = 0;
			defaultConfigurationName = Release;
		};
		A41DA1F92A15622D00E3AB98 /* Build configuration list for PBXNativeTarget "Hello World" */ = {
			isa = XCConfigurationList;
			buildConfigurations = (
				A41DA1FA2A15622D00E3AB98 /* Debug */,
				A41DA1FB2A15622D00E3AB98 /* Release */,
			);
			defaultConfigurationIsVisible = 0;
			defaultConfigurationName = Release;
		};
		A41DA1FC2A15622D00E3AB98 /* Build configuration list for PBXNativeTarget "Hello WorldTests" */ = {
			isa = XCConfigurationList;
			buildConfigurations = (
				A41DA1FD2A15622D00E3AB98 /* Debug */,
				A41DA1FE2A15622D00E3AB98 /* Release */,
			);
			defaultConfigurationIsVisible = 0;
			defaultConfigurationName = Release;
		};
		A41DA1FF2A15622D00E3AB98 /* Build configuration list for PBXNativeTarget "Hello WorldUITests" */ = {
			isa = XCConfigurationList;
			buildConfigurations = (
				A41DA2002A15622D00E3AB98 /* Debug */,
				A41DA2012A15622D00E3AB98 /* Release */,
			);
			defaultConfigurationIsVisible = 0;
			defaultConfigurationName = Release;
		};
/* End XCConfigurationList section */

/* Begin XCRemoteSwiftPackageReference section */
		A40B4ECD2A1669BC009FB68F /* XCRemoteSwiftPackageReference "firebase-ios-sdk" */ = {
			isa = XCRemoteSwiftPackageReference;
			repositoryURL = "https://github.com/firebase/firebase-ios-sdk";
			requirement = {
				kind = upToNextMajorVersion;
				minimumVersion = 9.0.0;
			};
		};
		A459CA122A167790001B70E9 /* XCRemoteSwiftPackageReference "Swinject" */ = {
			isa = XCRemoteSwiftPackageReference;
			repositoryURL = "https://github.com/Swinject/Swinject.git";
			requirement = {
				branch = master;
				kind = branch;
			};
		};
		A459CA152A1677C3001B70E9 /* XCRemoteSwiftPackageReference "SwinjectAutoregistration" */ = {
			isa = XCRemoteSwiftPackageReference;
			repositoryURL = "https://github.com/Swinject/SwinjectAutoregistration.git";
			requirement = {
				branch = master;
				kind = branch;
			};
		};
/* End XCRemoteSwiftPackageReference section */

/* Begin XCSwiftPackageProductDependency section */
		A40B4ECE2A1669BC009FB68F /* FirebaseFirestore */ = {
			isa = XCSwiftPackageProductDependency;
			package = A40B4ECD2A1669BC009FB68F /* XCRemoteSwiftPackageReference "firebase-ios-sdk" */;
			productName = FirebaseFirestore;
		};
		A459CA132A167790001B70E9 /* Swinject */ = {
			isa = XCSwiftPackageProductDependency;
			package = A459CA122A167790001B70E9 /* XCRemoteSwiftPackageReference "Swinject" */;
			productName = Swinject;
		};
		A459CA162A1677C3001B70E9 /* SwinjectAutoregistration */ = {
			isa = XCSwiftPackageProductDependency;
			package = A459CA152A1677C3001B70E9 /* XCRemoteSwiftPackageReference "SwinjectAutoregistration" */;
			productName = SwinjectAutoregistration;
		};
/* End XCSwiftPackageProductDependency section */
	};
	rootObject = A41DA1C72A15622B00E3AB98 /* Project object */;
}
